// !$*UTF8*$!
{
	archiveVersion = 1;
	classes = {
	};
	objectVersion = 55;
	objects = {

/* Begin PBXBuildFile section */
		15064F4F279D492A00460334 /* User.swift in Sources */ = {isa = PBXBuildFile; fileRef = 15064F4E279D492A00460334 /* User.swift */; };
		15064F56279D4B5400460334 /* DiscorveryProtocols.swift in Sources */ = {isa = PBXBuildFile; fileRef = 15064F55279D4B5400460334 /* DiscorveryProtocols.swift */; };
		15064F58279D4CD800460334 /* DiscoveryInteractor.swift in Sources */ = {isa = PBXBuildFile; fileRef = 15064F57279D4CD800460334 /* DiscoveryInteractor.swift */; };
		15064F5A279D4D3700460334 /* DiscoveryPresenter.swift in Sources */ = {isa = PBXBuildFile; fileRef = 15064F59279D4D3700460334 /* DiscoveryPresenter.swift */; };
		15064F5C279D4D9100460334 /* DiscoveryRouter.swift in Sources */ = {isa = PBXBuildFile; fileRef = 15064F5B279D4D9100460334 /* DiscoveryRouter.swift */; };
		15064F5F279D50DD00460334 /* DiscoveryTableViewCell.swift in Sources */ = {isa = PBXBuildFile; fileRef = 15064F5E279D50DD00460334 /* DiscoveryTableViewCell.swift */; };
		15064F62279D50FD00460334 /* DiscoveryCollectionViewCell.swift in Sources */ = {isa = PBXBuildFile; fileRef = 15064F61279D50FD00460334 /* DiscoveryCollectionViewCell.swift */; };
		150C8FB227994C6D000DAFBE /* AppDelegate.swift in Sources */ = {isa = PBXBuildFile; fileRef = 150C8FB127994C6D000DAFBE /* AppDelegate.swift */; };
		150C8FB427994C6D000DAFBE /* SceneDelegate.swift in Sources */ = {isa = PBXBuildFile; fileRef = 150C8FB327994C6D000DAFBE /* SceneDelegate.swift */; };
		150C8FB927994C6D000DAFBE /* Main.storyboard in Resources */ = {isa = PBXBuildFile; fileRef = 150C8FB727994C6D000DAFBE /* Main.storyboard */; };
		150C8FBB27994C6E000DAFBE /* Assets.xcassets in Resources */ = {isa = PBXBuildFile; fileRef = 150C8FBA27994C6E000DAFBE /* Assets.xcassets */; };
		150C8FBE27994C6E000DAFBE /* LaunchScreen.storyboard in Resources */ = {isa = PBXBuildFile; fileRef = 150C8FBC27994C6E000DAFBE /* LaunchScreen.storyboard */; };
		150C8FC927994C6E000DAFBE /* LogooTests.swift in Sources */ = {isa = PBXBuildFile; fileRef = 150C8FC827994C6E000DAFBE /* LogooTests.swift */; };
		150C8FD327994C6E000DAFBE /* LogooUITests.swift in Sources */ = {isa = PBXBuildFile; fileRef = 150C8FD227994C6E000DAFBE /* LogooUITests.swift */; };
		150C8FD527994C6E000DAFBE /* LogooUITestsLaunchTests.swift in Sources */ = {isa = PBXBuildFile; fileRef = 150C8FD427994C6E000DAFBE /* LogooUITestsLaunchTests.swift */; };
		150C8FE227994D12000DAFBE /* WelcomeVC.swift in Sources */ = {isa = PBXBuildFile; fileRef = 150C8FE127994D12000DAFBE /* WelcomeVC.swift */; };
		150C8FEB2799506E000DAFBE /* UDService.swift in Sources */ = {isa = PBXBuildFile; fileRef = 150C8FEA2799506E000DAFBE /* UDService.swift */; };
		150C8FED27995090000DAFBE /* UDProtocol.swift in Sources */ = {isa = PBXBuildFile; fileRef = 150C8FEC27995090000DAFBE /* UDProtocol.swift */; };
		150C8FEF2799521F000DAFBE /* Constants.swift in Sources */ = {isa = PBXBuildFile; fileRef = 150C8FEE2799521F000DAFBE /* Constants.swift */; };
		150C8FF327995774000DAFBE /* OnBoardVC.swift in Sources */ = {isa = PBXBuildFile; fileRef = 150C8FF227995774000DAFBE /* OnBoardVC.swift */; };
		150C8FF527995FFD000DAFBE /* OnBoardCollectionCell.swift in Sources */ = {isa = PBXBuildFile; fileRef = 150C8FF427995FFD000DAFBE /* OnBoardCollectionCell.swift */; };
		150C8FF82799615E000DAFBE /* OnBoard.swift in Sources */ = {isa = PBXBuildFile; fileRef = 150C8FF72799615E000DAFBE /* OnBoard.swift */; };
		150C8FFE27996582000DAFBE /* OnBoardProtocols.swift in Sources */ = {isa = PBXBuildFile; fileRef = 150C8FFD27996582000DAFBE /* OnBoardProtocols.swift */; };
		150C9000279966EA000DAFBE /* OnBoardInteractor.swift in Sources */ = {isa = PBXBuildFile; fileRef = 150C8FFF279966EA000DAFBE /* OnBoardInteractor.swift */; };
		150C90022799672A000DAFBE /* OnBoardPresenter.swift in Sources */ = {isa = PBXBuildFile; fileRef = 150C90012799672A000DAFBE /* OnBoardPresenter.swift */; };
		150C9004279967FB000DAFBE /* OnBoardRouter.swift in Sources */ = {isa = PBXBuildFile; fileRef = 150C9003279967FA000DAFBE /* OnBoardRouter.swift */; };
		150D83A627C4F311009601F0 /* Inbox.swift in Sources */ = {isa = PBXBuildFile; fileRef = 150D83A527C4F311009601F0 /* Inbox.swift */; };
		150D83A827C4F3BE009601F0 /* InboxType.swift in Sources */ = {isa = PBXBuildFile; fileRef = 150D83A727C4F3BE009601F0 /* InboxType.swift */; };
		1517AF89279E968D00D1194E /* Hobby.swift in Sources */ = {isa = PBXBuildFile; fileRef = 1517AF88279E968D00D1194E /* Hobby.swift */; };
		1517AF8B279E9AAA00D1194E /* Util.swift in Sources */ = {isa = PBXBuildFile; fileRef = 1517AF8A279E9AAA00D1194E /* Util.swift */; };
		1517AF94279EBCD900D1194E /* ChatVC.swift in Sources */ = {isa = PBXBuildFile; fileRef = 1517AF93279EBCD900D1194E /* ChatVC.swift */; };
		1517AF96279EBD4D00D1194E /* ChatProtocols.swift in Sources */ = {isa = PBXBuildFile; fileRef = 1517AF95279EBD4D00D1194E /* ChatProtocols.swift */; };
		1535674927B792AE007346D4 /* M13Checkbox in Frameworks */ = {isa = PBXBuildFile; productRef = 1535674827B792AE007346D4 /* M13Checkbox */; };
		1535675527B7F3C9007346D4 /* InterestSelectionCell.swift in Sources */ = {isa = PBXBuildFile; fileRef = 1535675427B7F3C9007346D4 /* InterestSelectionCell.swift */; };
		1535675727B7F97F007346D4 /* InterestSelectionModel.swift in Sources */ = {isa = PBXBuildFile; fileRef = 1535675627B7F97F007346D4 /* InterestSelectionModel.swift */; };
		1535675927BA671D007346D4 /* Validators.swift in Sources */ = {isa = PBXBuildFile; fileRef = 1535675827BA671D007346D4 /* Validators.swift */; };
		1535675E27BA81D0007346D4 /* Localizable.strings in Resources */ = {isa = PBXBuildFile; fileRef = 1535676027BA81D0007346D4 /* Localizable.strings */; };
		153EA96B279FFA2E00871246 /* RequestType.swift in Sources */ = {isa = PBXBuildFile; fileRef = 153EA96A279FFA2E00871246 /* RequestType.swift */; };
		153EA96D279FFA5800871246 /* MessageType.swift in Sources */ = {isa = PBXBuildFile; fileRef = 153EA96C279FFA5800871246 /* MessageType.swift */; };
		153EA971279FFDC900871246 /* ChatRouter.swift in Sources */ = {isa = PBXBuildFile; fileRef = 153EA970279FFDC900871246 /* ChatRouter.swift */; };
		153EA973279FFDE000871246 /* ChatInteractor.swift in Sources */ = {isa = PBXBuildFile; fileRef = 153EA972279FFDE000871246 /* ChatInteractor.swift */; };
		153EA975279FFE1100871246 /* ChatPresenter.swift in Sources */ = {isa = PBXBuildFile; fileRef = 153EA974279FFE1100871246 /* ChatPresenter.swift */; };
		153EA97827A0007B00871246 /* WaitingRequestCollectionViewCell.swift in Sources */ = {isa = PBXBuildFile; fileRef = 153EA97727A0007B00871246 /* WaitingRequestCollectionViewCell.swift */; };
		153EA97A27A0008D00871246 /* InboxCollectionViewCell.swift in Sources */ = {isa = PBXBuildFile; fileRef = 153EA97927A0008D00871246 /* InboxCollectionViewCell.swift */; };
		153EA97C27A0076000871246 /* ChatType.swift in Sources */ = {isa = PBXBuildFile; fileRef = 153EA97B27A0076000871246 /* ChatType.swift */; };
		153EA98127A0468500871246 /* LoginVC.swift in Sources */ = {isa = PBXBuildFile; fileRef = 153EA98027A0468500871246 /* LoginVC.swift */; };
		156F042C27AFA80F00D37039 /* GenderType.swift in Sources */ = {isa = PBXBuildFile; fileRef = 156F042B27AFA80F00D37039 /* GenderType.swift */; };
		156F043827B26DC300D37039 /* Lottie in Frameworks */ = {isa = PBXBuildFile; productRef = 156F043727B26DC300D37039 /* Lottie */; };
		156F043B27B2702B00D37039 /* mail_sended.json in Resources */ = {isa = PBXBuildFile; fileRef = 156F043A27B2702B00D37039 /* mail_sended.json */; };
		156F043E27B39DBD00D37039 /* DeviceKit in Frameworks */ = {isa = PBXBuildFile; productRef = 156F043D27B39DBD00D37039 /* DeviceKit */; };
		156F044527B3A40C00D37039 /* LoginProtocols.swift in Sources */ = {isa = PBXBuildFile; fileRef = 156F044427B3A40C00D37039 /* LoginProtocols.swift */; };
		156F044727B3A58900D37039 /* LoginInteractor.swift in Sources */ = {isa = PBXBuildFile; fileRef = 156F044627B3A58900D37039 /* LoginInteractor.swift */; };
		156F044927B3A61300D37039 /* LoginPresenter.swift in Sources */ = {isa = PBXBuildFile; fileRef = 156F044827B3A61300D37039 /* LoginPresenter.swift */; };
		156F044C27B3AAC500D37039 /* Resource.swift in Sources */ = {isa = PBXBuildFile; fileRef = 156F044B27B3AAC500D37039 /* Resource.swift */; };
		156F044F27B3ACC100D37039 /* UserState.swift in Sources */ = {isa = PBXBuildFile; fileRef = 156F044E27B3ACC100D37039 /* UserState.swift */; };
		156F045227B3C11700D37039 /* SelectInterestVC.swift in Sources */ = {isa = PBXBuildFile; fileRef = 156F045127B3C11700D37039 /* SelectInterestVC.swift */; };
		15983C0327997C1B00903073 /* LoginPrefVC.swift in Sources */ = {isa = PBXBuildFile; fileRef = 15983C0227997C1B00903073 /* LoginPrefVC.swift */; };
		15983C062799954500903073 /* RegisterVC.swift in Sources */ = {isa = PBXBuildFile; fileRef = 15983C052799954500903073 /* RegisterVC.swift */; };
		159C3BD3279C110F001B9607 /* ValidationResponse.swift in Sources */ = {isa = PBXBuildFile; fileRef = 159C3BD2279C110F001B9607 /* ValidationResponse.swift */; };
		159C3BDC279C5D92001B9607 /* DiscoverVC.swift in Sources */ = {isa = PBXBuildFile; fileRef = 159C3BDB279C5D92001B9607 /* DiscoverVC.swift */; };
		159C3BDF279C5DAA001B9607 /* GlobalVC.swift in Sources */ = {isa = PBXBuildFile; fileRef = 159C3BDE279C5DAA001B9607 /* GlobalVC.swift */; };
		159E052327A1550700E41035 /* GoogleService-Info.plist in Resources */ = {isa = PBXBuildFile; fileRef = 159E052227A1550700E41035 /* GoogleService-Info.plist */; };
		15A5B40F27C6854A0082029E /* Room.swift in Sources */ = {isa = PBXBuildFile; fileRef = 15A5B40E27C6854A0082029E /* Room.swift */; };
		15A5B41127C686430082029E /* Direct.swift in Sources */ = {isa = PBXBuildFile; fileRef = 15A5B41027C686420082029E /* Direct.swift */; };
		15A5B41327C687280082029E /* Message.swift in Sources */ = {isa = PBXBuildFile; fileRef = 15A5B41227C687280082029E /* Message.swift */; };
		15A5B41727C69A200082029E /* Kingfisher in Frameworks */ = {isa = PBXBuildFile; productRef = 15A5B41627C69A200082029E /* Kingfisher */; };
		15A5B42227C76AE10082029E /* RegisterPhotoChooseCell.swift in Sources */ = {isa = PBXBuildFile; fileRef = 15A5B42027C76AE10082029E /* RegisterPhotoChooseCell.swift */; };
		15A5B42327C76AE10082029E /* RegisterPhotoChooseCell.xib in Resources */ = {isa = PBXBuildFile; fileRef = 15A5B42127C76AE10082029E /* RegisterPhotoChooseCell.xib */; };
		15A5B42627C76AF90082029E /* RegisterInformationCell.swift in Sources */ = {isa = PBXBuildFile; fileRef = 15A5B42427C76AF90082029E /* RegisterInformationCell.swift */; };
		15A5B42727C76AF90082029E /* RegisterInformationCell.xib in Resources */ = {isa = PBXBuildFile; fileRef = 15A5B42527C76AF90082029E /* RegisterInformationCell.xib */; };
		15A5B42C27C76B740082029E /* RegisterConfirmCell.swift in Sources */ = {isa = PBXBuildFile; fileRef = 15A5B42A27C76B740082029E /* RegisterConfirmCell.swift */; };
		15A5B42D27C76B740082029E /* RegisterConfirmCell.xib in Resources */ = {isa = PBXBuildFile; fileRef = 15A5B42B27C76B740082029E /* RegisterConfirmCell.xib */; };
		15A5B43027C76B930082029E /* RegisterBirthDayCell.swift in Sources */ = {isa = PBXBuildFile; fileRef = 15A5B42E27C76B930082029E /* RegisterBirthDayCell.swift */; };
		15A5B43127C76B930082029E /* RegisterBirthDayCell.xib in Resources */ = {isa = PBXBuildFile; fileRef = 15A5B42F27C76B930082029E /* RegisterBirthDayCell.xib */; };
		15A5B43427C76BA80082029E /* RegisterGenderCell.swift in Sources */ = {isa = PBXBuildFile; fileRef = 15A5B43227C76BA80082029E /* RegisterGenderCell.swift */; };
		15A5B43527C76BA80082029E /* RegisterGenderCell.xib in Resources */ = {isa = PBXBuildFile; fileRef = 15A5B43327C76BA80082029E /* RegisterGenderCell.xib */; };
		15A5B43727C777DF0082029E /* RegisterProtocols.swift in Sources */ = {isa = PBXBuildFile; fileRef = 15A5B43627C777DF0082029E /* RegisterProtocols.swift */; };
		15A5B43A27C7A5590082029E /* RegisterType.swift in Sources */ = {isa = PBXBuildFile; fileRef = 15A5B43927C7A5590082029E /* RegisterType.swift */; };
		15AE073627C927630012A81C /* FirestoreService.swift in Sources */ = {isa = PBXBuildFile; fileRef = 15AE073527C927630012A81C /* FirestoreService.swift */; };
		15AE073927C93AAB0012A81C /* Runtime in Frameworks */ = {isa = PBXBuildFile; productRef = 15AE073827C93AAB0012A81C /* Runtime */; };
		15AE073C27C9449B0012A81C /* FirebaseAuth in Frameworks */ = {isa = PBXBuildFile; productRef = 15AE073B27C9449B0012A81C /* FirebaseAuth */; };
		15AE073E27C9449B0012A81C /* FirebaseFirestore in Frameworks */ = {isa = PBXBuildFile; productRef = 15AE073D27C9449B0012A81C /* FirebaseFirestore */; };
		15AE074027C9449B0012A81C /* FirebaseFirestoreSwift-Beta in Frameworks */ = {isa = PBXBuildFile; productRef = 15AE073F27C9449B0012A81C /* FirebaseFirestoreSwift-Beta */; };
		15AE074227C9449B0012A81C /* FirebaseStorage in Frameworks */ = {isa = PBXBuildFile; productRef = 15AE074127C9449B0012A81C /* FirebaseStorage */; };
		15BDA68627B647440066F469 /* LoginRouterVC.swift in Sources */ = {isa = PBXBuildFile; fileRef = 15BDA68527B647440066F469 /* LoginRouterVC.swift */; };
		15C2003D27C8B53700763934 /* failure.json in Resources */ = {isa = PBXBuildFile; fileRef = 15C2003B27C8B53700763934 /* failure.json */; };
		15C2003E27C8B53700763934 /* success.json in Resources */ = {isa = PBXBuildFile; fileRef = 15C2003C27C8B53700763934 /* success.json */; };
		15C64C2F27BCE04E0088DD35 /* InterestSelectedCell.swift in Sources */ = {isa = PBXBuildFile; fileRef = 15C64C2E27BCE04E0088DD35 /* InterestSelectedCell.swift */; };
		15C64C3127BCED220088DD35 /* CustomAlert.swift in Sources */ = {isa = PBXBuildFile; fileRef = 15C64C3027BCED220088DD35 /* CustomAlert.swift */; };
		15C64C3327BCF39E0088DD35 /* loading.json in Resources */ = {isa = PBXBuildFile; fileRef = 15C64C3227BCF39E0088DD35 /* loading.json */; };
		15C64C3727BD1DA80088DD35 /* ResetPasswordVC.swift in Sources */ = {isa = PBXBuildFile; fileRef = 15C64C3627BD1DA80088DD35 /* ResetPasswordVC.swift */; };
		15C64C3E27BD26340088DD35 /* ResetPasswordProtocols.swift in Sources */ = {isa = PBXBuildFile; fileRef = 15C64C3D27BD26340088DD35 /* ResetPasswordProtocols.swift */; };
		15C64C4027BD277D0088DD35 /* ResetPasswordInteractor.swift in Sources */ = {isa = PBXBuildFile; fileRef = 15C64C3F27BD277D0088DD35 /* ResetPasswordInteractor.swift */; };
		15C64C4227BD27A30088DD35 /* ResetPasswordPresenter.swift in Sources */ = {isa = PBXBuildFile; fileRef = 15C64C4127BD27A30088DD35 /* ResetPasswordPresenter.swift */; };
		15C64C4427BD27EC0088DD35 /* ResetPaswordRouter.swift in Sources */ = {isa = PBXBuildFile; fileRef = 15C64C4327BD27EC0088DD35 /* ResetPaswordRouter.swift */; };
		15C64C4E27BE24A70088DD35 /* WelcomeVCProtocols.swift in Sources */ = {isa = PBXBuildFile; fileRef = 15C64C4D27BE24A70088DD35 /* WelcomeVCProtocols.swift */; };
		15C64C5027BE26FE0088DD35 /* WelcomeInteractor.swift in Sources */ = {isa = PBXBuildFile; fileRef = 15C64C4F27BE26FE0088DD35 /* WelcomeInteractor.swift */; };
		15C64C5227BE27480088DD35 /* WelcomePresenter.swift in Sources */ = {isa = PBXBuildFile; fileRef = 15C64C5127BE27480088DD35 /* WelcomePresenter.swift */; };
		15C64C5427BE27CE0088DD35 /* WelcomeRouter.swift in Sources */ = {isa = PBXBuildFile; fileRef = 15C64C5327BE27CE0088DD35 /* WelcomeRouter.swift */; };
		15C64C6027BE518A0088DD35 /* GoogleSignIn in Frameworks */ = {isa = PBXBuildFile; productRef = 15C64C5F27BE518A0088DD35 /* GoogleSignIn */; };
		15C64C6627BE6E170088DD35 /* LoginPrefProtocols.swift in Sources */ = {isa = PBXBuildFile; fileRef = 15C64C6527BE6E170088DD35 /* LoginPrefProtocols.swift */; };
		15C64C6827BE6F690088DD35 /* LoginPrefInteractor.swift in Sources */ = {isa = PBXBuildFile; fileRef = 15C64C6727BE6F690088DD35 /* LoginPrefInteractor.swift */; };
		15C64C6A27BE6F9D0088DD35 /* LoginPrefPresenter.swift in Sources */ = {isa = PBXBuildFile; fileRef = 15C64C6927BE6F9D0088DD35 /* LoginPrefPresenter.swift */; };
		15C64C6C27BE70100088DD35 /* LogInPrefRouter.swift in Sources */ = {isa = PBXBuildFile; fileRef = 15C64C6B27BE70100088DD35 /* LogInPrefRouter.swift */; };
		15DC5D3D27B520E4004CA892 /* LoginRouter.swift in Sources */ = {isa = PBXBuildFile; fileRef = 15DC5D3C27B520E4004CA892 /* LoginRouter.swift */; };
		15EACB2027AC29050089779A /* RegisterWithMailProtocols.swift in Sources */ = {isa = PBXBuildFile; fileRef = 15EACB1F27AC29050089779A /* RegisterWithMailProtocols.swift */; };
		15EACB2227AC2AA70089779A /* RegisterInteractor.swift in Sources */ = {isa = PBXBuildFile; fileRef = 15EACB2127AC2AA70089779A /* RegisterInteractor.swift */; };
		15EACB2427AC2ACE0089779A /* RegisterPresenter.swift in Sources */ = {isa = PBXBuildFile; fileRef = 15EACB2327AC2ACE0089779A /* RegisterPresenter.swift */; };
		15EACB2627AC2BB30089779A /* RegisterRouter.swift in Sources */ = {isa = PBXBuildFile; fileRef = 15EACB2527AC2BB30089779A /* RegisterRouter.swift */; };
		15FE356427B6A10500D48F9F /* LoginRouterProtocols.swift in Sources */ = {isa = PBXBuildFile; fileRef = 15FE356327B6A10500D48F9F /* LoginRouterProtocols.swift */; };
		15FE356627B6A33100D48F9F /* LoginRouterInteractor.swift in Sources */ = {isa = PBXBuildFile; fileRef = 15FE356527B6A33100D48F9F /* LoginRouterInteractor.swift */; };
		15FE356827B6A3A400D48F9F /* LoginRouterPresenter.swift in Sources */ = {isa = PBXBuildFile; fileRef = 15FE356727B6A3A400D48F9F /* LoginRouterPresenter.swift */; };
		15FE356A27B6A4CA00D48F9F /* LoginRoutRouter.swift in Sources */ = {isa = PBXBuildFile; fileRef = 15FE356927B6A4CA00D48F9F /* LoginRoutRouter.swift */; };
		15FE357227B6C87E00D48F9F /* InterestSelectProtocol.swift in Sources */ = {isa = PBXBuildFile; fileRef = 15FE357127B6C87E00D48F9F /* InterestSelectProtocol.swift */; };
		15FE357427B6CCF000D48F9F /* SelectInterestInteractor.swift in Sources */ = {isa = PBXBuildFile; fileRef = 15FE357327B6CCF000D48F9F /* SelectInterestInteractor.swift */; };
		15FE357627B6CCFA00D48F9F /* SelectInterestPresenter.swift in Sources */ = {isa = PBXBuildFile; fileRef = 15FE357527B6CCFA00D48F9F /* SelectInterestPresenter.swift */; };
		15FE357827B6CD0500D48F9F /* SelectInterestRouter.swift in Sources */ = {isa = PBXBuildFile; fileRef = 15FE357727B6CD0500D48F9F /* SelectInterestRouter.swift */; };
/* End PBXBuildFile section */

/* Begin PBXContainerItemProxy section */
		150C8FC527994C6E000DAFBE /* PBXContainerItemProxy */ = {
			isa = PBXContainerItemProxy;
			containerPortal = 150C8FA627994C6D000DAFBE /* Project object */;
			proxyType = 1;
			remoteGlobalIDString = 150C8FAD27994C6D000DAFBE;
			remoteInfo = Logoo;
		};
		150C8FCF27994C6E000DAFBE /* PBXContainerItemProxy */ = {
			isa = PBXContainerItemProxy;
			containerPortal = 150C8FA627994C6D000DAFBE /* Project object */;
			proxyType = 1;
			remoteGlobalIDString = 150C8FAD27994C6D000DAFBE;
			remoteInfo = Logoo;
		};
/* End PBXContainerItemProxy section */

/* Begin PBXFileReference section */
		15064F4E279D492A00460334 /* User.swift */ = {isa = PBXFileReference; lastKnownFileType = sourcecode.swift; path = User.swift; sourceTree = "<group>"; };
		15064F55279D4B5400460334 /* DiscorveryProtocols.swift */ = {isa = PBXFileReference; lastKnownFileType = sourcecode.swift; path = DiscorveryProtocols.swift; sourceTree = "<group>"; };
		15064F57279D4CD800460334 /* DiscoveryInteractor.swift */ = {isa = PBXFileReference; lastKnownFileType = sourcecode.swift; path = DiscoveryInteractor.swift; sourceTree = "<group>"; };
		15064F59279D4D3700460334 /* DiscoveryPresenter.swift */ = {isa = PBXFileReference; lastKnownFileType = sourcecode.swift; path = DiscoveryPresenter.swift; sourceTree = "<group>"; };
		15064F5B279D4D9100460334 /* DiscoveryRouter.swift */ = {isa = PBXFileReference; lastKnownFileType = sourcecode.swift; path = DiscoveryRouter.swift; sourceTree = "<group>"; };
		15064F5E279D50DD00460334 /* DiscoveryTableViewCell.swift */ = {isa = PBXFileReference; lastKnownFileType = sourcecode.swift; path = DiscoveryTableViewCell.swift; sourceTree = "<group>"; };
		15064F61279D50FD00460334 /* DiscoveryCollectionViewCell.swift */ = {isa = PBXFileReference; lastKnownFileType = sourcecode.swift; path = DiscoveryCollectionViewCell.swift; sourceTree = "<group>"; };
		150C8FAE27994C6D000DAFBE /* Logoo.app */ = {isa = PBXFileReference; explicitFileType = wrapper.application; includeInIndex = 0; path = Logoo.app; sourceTree = BUILT_PRODUCTS_DIR; };
		150C8FB127994C6D000DAFBE /* AppDelegate.swift */ = {isa = PBXFileReference; lastKnownFileType = sourcecode.swift; path = AppDelegate.swift; sourceTree = "<group>"; };
		150C8FB327994C6D000DAFBE /* SceneDelegate.swift */ = {isa = PBXFileReference; lastKnownFileType = sourcecode.swift; path = SceneDelegate.swift; sourceTree = "<group>"; };
		150C8FB827994C6D000DAFBE /* Base */ = {isa = PBXFileReference; lastKnownFileType = file.storyboard; name = Base; path = Base.lproj/Main.storyboard; sourceTree = "<group>"; };
		150C8FBA27994C6E000DAFBE /* Assets.xcassets */ = {isa = PBXFileReference; lastKnownFileType = folder.assetcatalog; path = Assets.xcassets; sourceTree = "<group>"; };
		150C8FBD27994C6E000DAFBE /* Base */ = {isa = PBXFileReference; lastKnownFileType = file.storyboard; name = Base; path = Base.lproj/LaunchScreen.storyboard; sourceTree = "<group>"; };
		150C8FBF27994C6E000DAFBE /* Info.plist */ = {isa = PBXFileReference; lastKnownFileType = text.plist.xml; path = Info.plist; sourceTree = "<group>"; };
		150C8FC427994C6E000DAFBE /* LogooTests.xctest */ = {isa = PBXFileReference; explicitFileType = wrapper.cfbundle; includeInIndex = 0; path = LogooTests.xctest; sourceTree = BUILT_PRODUCTS_DIR; };
		150C8FC827994C6E000DAFBE /* LogooTests.swift */ = {isa = PBXFileReference; lastKnownFileType = sourcecode.swift; path = LogooTests.swift; sourceTree = "<group>"; };
		150C8FCE27994C6E000DAFBE /* LogooUITests.xctest */ = {isa = PBXFileReference; explicitFileType = wrapper.cfbundle; includeInIndex = 0; path = LogooUITests.xctest; sourceTree = BUILT_PRODUCTS_DIR; };
		150C8FD227994C6E000DAFBE /* LogooUITests.swift */ = {isa = PBXFileReference; lastKnownFileType = sourcecode.swift; path = LogooUITests.swift; sourceTree = "<group>"; };
		150C8FD427994C6E000DAFBE /* LogooUITestsLaunchTests.swift */ = {isa = PBXFileReference; lastKnownFileType = sourcecode.swift; path = LogooUITestsLaunchTests.swift; sourceTree = "<group>"; };
		150C8FE127994D12000DAFBE /* WelcomeVC.swift */ = {isa = PBXFileReference; lastKnownFileType = sourcecode.swift; path = WelcomeVC.swift; sourceTree = "<group>"; };
		150C8FEA2799506E000DAFBE /* UDService.swift */ = {isa = PBXFileReference; lastKnownFileType = sourcecode.swift; path = UDService.swift; sourceTree = "<group>"; };
		150C8FEC27995090000DAFBE /* UDProtocol.swift */ = {isa = PBXFileReference; lastKnownFileType = sourcecode.swift; path = UDProtocol.swift; sourceTree = "<group>"; };
		150C8FEE2799521F000DAFBE /* Constants.swift */ = {isa = PBXFileReference; lastKnownFileType = sourcecode.swift; path = Constants.swift; sourceTree = "<group>"; };
		150C8FF227995774000DAFBE /* OnBoardVC.swift */ = {isa = PBXFileReference; lastKnownFileType = sourcecode.swift; path = OnBoardVC.swift; sourceTree = "<group>"; };
		150C8FF427995FFD000DAFBE /* OnBoardCollectionCell.swift */ = {isa = PBXFileReference; lastKnownFileType = sourcecode.swift; path = OnBoardCollectionCell.swift; sourceTree = "<group>"; };
		150C8FF72799615E000DAFBE /* OnBoard.swift */ = {isa = PBXFileReference; lastKnownFileType = sourcecode.swift; path = OnBoard.swift; sourceTree = "<group>"; };
		150C8FFD27996582000DAFBE /* OnBoardProtocols.swift */ = {isa = PBXFileReference; lastKnownFileType = sourcecode.swift; path = OnBoardProtocols.swift; sourceTree = "<group>"; };
		150C8FFF279966EA000DAFBE /* OnBoardInteractor.swift */ = {isa = PBXFileReference; lastKnownFileType = sourcecode.swift; path = OnBoardInteractor.swift; sourceTree = "<group>"; };
		150C90012799672A000DAFBE /* OnBoardPresenter.swift */ = {isa = PBXFileReference; lastKnownFileType = sourcecode.swift; path = OnBoardPresenter.swift; sourceTree = "<group>"; };
		150C9003279967FA000DAFBE /* OnBoardRouter.swift */ = {isa = PBXFileReference; lastKnownFileType = sourcecode.swift; path = OnBoardRouter.swift; sourceTree = "<group>"; };
		150D83A527C4F311009601F0 /* Inbox.swift */ = {isa = PBXFileReference; lastKnownFileType = sourcecode.swift; path = Inbox.swift; sourceTree = "<group>"; };
		150D83A727C4F3BE009601F0 /* InboxType.swift */ = {isa = PBXFileReference; lastKnownFileType = sourcecode.swift; path = InboxType.swift; sourceTree = "<group>"; };
		1517AF88279E968D00D1194E /* Hobby.swift */ = {isa = PBXFileReference; lastKnownFileType = sourcecode.swift; path = Hobby.swift; sourceTree = "<group>"; };
		1517AF8A279E9AAA00D1194E /* Util.swift */ = {isa = PBXFileReference; lastKnownFileType = sourcecode.swift; path = Util.swift; sourceTree = "<group>"; };
		1517AF93279EBCD900D1194E /* ChatVC.swift */ = {isa = PBXFileReference; lastKnownFileType = sourcecode.swift; path = ChatVC.swift; sourceTree = "<group>"; };
		1517AF95279EBD4D00D1194E /* ChatProtocols.swift */ = {isa = PBXFileReference; lastKnownFileType = sourcecode.swift; path = ChatProtocols.swift; sourceTree = "<group>"; };
		1535675427B7F3C9007346D4 /* InterestSelectionCell.swift */ = {isa = PBXFileReference; lastKnownFileType = sourcecode.swift; path = InterestSelectionCell.swift; sourceTree = "<group>"; };
		1535675627B7F97F007346D4 /* InterestSelectionModel.swift */ = {isa = PBXFileReference; lastKnownFileType = sourcecode.swift; path = InterestSelectionModel.swift; sourceTree = "<group>"; };
		1535675827BA671D007346D4 /* Validators.swift */ = {isa = PBXFileReference; lastKnownFileType = sourcecode.swift; path = Validators.swift; sourceTree = "<group>"; };
		1535675F27BA81D0007346D4 /* en */ = {isa = PBXFileReference; lastKnownFileType = text.plist.strings; name = en; path = en.lproj/Localizable.strings; sourceTree = "<group>"; };
		1535676127BA81D3007346D4 /* tr */ = {isa = PBXFileReference; lastKnownFileType = text.plist.strings; name = tr; path = tr.lproj/Localizable.strings; sourceTree = "<group>"; };
		153EA96A279FFA2E00871246 /* RequestType.swift */ = {isa = PBXFileReference; lastKnownFileType = sourcecode.swift; path = RequestType.swift; sourceTree = "<group>"; };
		153EA96C279FFA5800871246 /* MessageType.swift */ = {isa = PBXFileReference; lastKnownFileType = sourcecode.swift; path = MessageType.swift; sourceTree = "<group>"; };
		153EA970279FFDC900871246 /* ChatRouter.swift */ = {isa = PBXFileReference; lastKnownFileType = sourcecode.swift; path = ChatRouter.swift; sourceTree = "<group>"; };
		153EA972279FFDE000871246 /* ChatInteractor.swift */ = {isa = PBXFileReference; lastKnownFileType = sourcecode.swift; path = ChatInteractor.swift; sourceTree = "<group>"; };
		153EA974279FFE1100871246 /* ChatPresenter.swift */ = {isa = PBXFileReference; lastKnownFileType = sourcecode.swift; path = ChatPresenter.swift; sourceTree = "<group>"; };
		153EA97727A0007B00871246 /* WaitingRequestCollectionViewCell.swift */ = {isa = PBXFileReference; lastKnownFileType = sourcecode.swift; path = WaitingRequestCollectionViewCell.swift; sourceTree = "<group>"; };
		153EA97927A0008D00871246 /* InboxCollectionViewCell.swift */ = {isa = PBXFileReference; lastKnownFileType = sourcecode.swift; path = InboxCollectionViewCell.swift; sourceTree = "<group>"; };
		153EA97B27A0076000871246 /* ChatType.swift */ = {isa = PBXFileReference; lastKnownFileType = sourcecode.swift; path = ChatType.swift; sourceTree = "<group>"; };
		153EA98027A0468500871246 /* LoginVC.swift */ = {isa = PBXFileReference; lastKnownFileType = sourcecode.swift; path = LoginVC.swift; sourceTree = "<group>"; };
		156F042B27AFA80F00D37039 /* GenderType.swift */ = {isa = PBXFileReference; lastKnownFileType = sourcecode.swift; path = GenderType.swift; sourceTree = "<group>"; };
		156F043A27B2702B00D37039 /* mail_sended.json */ = {isa = PBXFileReference; fileEncoding = 4; lastKnownFileType = text.json; path = mail_sended.json; sourceTree = "<group>"; };
		156F044427B3A40C00D37039 /* LoginProtocols.swift */ = {isa = PBXFileReference; lastKnownFileType = sourcecode.swift; path = LoginProtocols.swift; sourceTree = "<group>"; };
		156F044627B3A58900D37039 /* LoginInteractor.swift */ = {isa = PBXFileReference; lastKnownFileType = sourcecode.swift; path = LoginInteractor.swift; sourceTree = "<group>"; };
		156F044827B3A61300D37039 /* LoginPresenter.swift */ = {isa = PBXFileReference; lastKnownFileType = sourcecode.swift; path = LoginPresenter.swift; sourceTree = "<group>"; };
		156F044B27B3AAC500D37039 /* Resource.swift */ = {isa = PBXFileReference; lastKnownFileType = sourcecode.swift; path = Resource.swift; sourceTree = "<group>"; };
		156F044E27B3ACC100D37039 /* UserState.swift */ = {isa = PBXFileReference; lastKnownFileType = sourcecode.swift; path = UserState.swift; sourceTree = "<group>"; };
		156F045127B3C11700D37039 /* SelectInterestVC.swift */ = {isa = PBXFileReference; lastKnownFileType = sourcecode.swift; path = SelectInterestVC.swift; sourceTree = "<group>"; };
		15983C0227997C1B00903073 /* LoginPrefVC.swift */ = {isa = PBXFileReference; lastKnownFileType = sourcecode.swift; path = LoginPrefVC.swift; sourceTree = "<group>"; };
		15983C052799954500903073 /* RegisterVC.swift */ = {isa = PBXFileReference; lastKnownFileType = sourcecode.swift; path = RegisterVC.swift; sourceTree = "<group>"; };
		159C3BD2279C110F001B9607 /* ValidationResponse.swift */ = {isa = PBXFileReference; lastKnownFileType = sourcecode.swift; path = ValidationResponse.swift; sourceTree = "<group>"; };
		159C3BDB279C5D92001B9607 /* DiscoverVC.swift */ = {isa = PBXFileReference; lastKnownFileType = sourcecode.swift; path = DiscoverVC.swift; sourceTree = "<group>"; };
		159C3BDE279C5DAA001B9607 /* GlobalVC.swift */ = {isa = PBXFileReference; lastKnownFileType = sourcecode.swift; path = GlobalVC.swift; sourceTree = "<group>"; };
		159E052227A1550700E41035 /* GoogleService-Info.plist */ = {isa = PBXFileReference; fileEncoding = 4; lastKnownFileType = text.plist.xml; path = "GoogleService-Info.plist"; sourceTree = "<group>"; };
		15A5B40E27C6854A0082029E /* Room.swift */ = {isa = PBXFileReference; lastKnownFileType = sourcecode.swift; path = Room.swift; sourceTree = "<group>"; };
		15A5B41027C686420082029E /* Direct.swift */ = {isa = PBXFileReference; lastKnownFileType = sourcecode.swift; path = Direct.swift; sourceTree = "<group>"; };
		15A5B41227C687280082029E /* Message.swift */ = {isa = PBXFileReference; lastKnownFileType = sourcecode.swift; path = Message.swift; sourceTree = "<group>"; };
		15A5B42027C76AE10082029E /* RegisterPhotoChooseCell.swift */ = {isa = PBXFileReference; lastKnownFileType = sourcecode.swift; path = RegisterPhotoChooseCell.swift; sourceTree = "<group>"; };
		15A5B42127C76AE10082029E /* RegisterPhotoChooseCell.xib */ = {isa = PBXFileReference; lastKnownFileType = file.xib; path = RegisterPhotoChooseCell.xib; sourceTree = "<group>"; };
		15A5B42427C76AF90082029E /* RegisterInformationCell.swift */ = {isa = PBXFileReference; lastKnownFileType = sourcecode.swift; path = RegisterInformationCell.swift; sourceTree = "<group>"; };
		15A5B42527C76AF90082029E /* RegisterInformationCell.xib */ = {isa = PBXFileReference; lastKnownFileType = file.xib; path = RegisterInformationCell.xib; sourceTree = "<group>"; };
		15A5B42A27C76B740082029E /* RegisterConfirmCell.swift */ = {isa = PBXFileReference; lastKnownFileType = sourcecode.swift; path = RegisterConfirmCell.swift; sourceTree = "<group>"; };
		15A5B42B27C76B740082029E /* RegisterConfirmCell.xib */ = {isa = PBXFileReference; lastKnownFileType = file.xib; path = RegisterConfirmCell.xib; sourceTree = "<group>"; };
		15A5B42E27C76B930082029E /* RegisterBirthDayCell.swift */ = {isa = PBXFileReference; lastKnownFileType = sourcecode.swift; path = RegisterBirthDayCell.swift; sourceTree = "<group>"; };
		15A5B42F27C76B930082029E /* RegisterBirthDayCell.xib */ = {isa = PBXFileReference; lastKnownFileType = file.xib; path = RegisterBirthDayCell.xib; sourceTree = "<group>"; };
		15A5B43227C76BA80082029E /* RegisterGenderCell.swift */ = {isa = PBXFileReference; lastKnownFileType = sourcecode.swift; path = RegisterGenderCell.swift; sourceTree = "<group>"; };
		15A5B43327C76BA80082029E /* RegisterGenderCell.xib */ = {isa = PBXFileReference; lastKnownFileType = file.xib; path = RegisterGenderCell.xib; sourceTree = "<group>"; };
		15A5B43627C777DF0082029E /* RegisterProtocols.swift */ = {isa = PBXFileReference; fileEncoding = 4; lastKnownFileType = sourcecode.swift; path = RegisterProtocols.swift; sourceTree = "<group>"; };
		15A5B43927C7A5590082029E /* RegisterType.swift */ = {isa = PBXFileReference; lastKnownFileType = sourcecode.swift; path = RegisterType.swift; sourceTree = "<group>"; };
		15AE073527C927630012A81C /* FirestoreService.swift */ = {isa = PBXFileReference; lastKnownFileType = sourcecode.swift; path = FirestoreService.swift; sourceTree = "<group>"; };
		15BDA68527B647440066F469 /* LoginRouterVC.swift */ = {isa = PBXFileReference; lastKnownFileType = sourcecode.swift; path = LoginRouterVC.swift; sourceTree = "<group>"; };
		15C2003B27C8B53700763934 /* failure.json */ = {isa = PBXFileReference; fileEncoding = 4; lastKnownFileType = text.json; path = failure.json; sourceTree = "<group>"; };
		15C2003C27C8B53700763934 /* success.json */ = {isa = PBXFileReference; fileEncoding = 4; lastKnownFileType = text.json; path = success.json; sourceTree = "<group>"; };
		15C64C2E27BCE04E0088DD35 /* InterestSelectedCell.swift */ = {isa = PBXFileReference; lastKnownFileType = sourcecode.swift; path = InterestSelectedCell.swift; sourceTree = "<group>"; };
		15C64C3027BCED220088DD35 /* CustomAlert.swift */ = {isa = PBXFileReference; lastKnownFileType = sourcecode.swift; path = CustomAlert.swift; sourceTree = "<group>"; };
		15C64C3227BCF39E0088DD35 /* loading.json */ = {isa = PBXFileReference; fileEncoding = 4; lastKnownFileType = text.json; path = loading.json; sourceTree = "<group>"; };
		15C64C3627BD1DA80088DD35 /* ResetPasswordVC.swift */ = {isa = PBXFileReference; lastKnownFileType = sourcecode.swift; path = ResetPasswordVC.swift; sourceTree = "<group>"; };
		15C64C3D27BD26340088DD35 /* ResetPasswordProtocols.swift */ = {isa = PBXFileReference; lastKnownFileType = sourcecode.swift; path = ResetPasswordProtocols.swift; sourceTree = "<group>"; };
		15C64C3F27BD277D0088DD35 /* ResetPasswordInteractor.swift */ = {isa = PBXFileReference; lastKnownFileType = sourcecode.swift; path = ResetPasswordInteractor.swift; sourceTree = "<group>"; };
		15C64C4127BD27A30088DD35 /* ResetPasswordPresenter.swift */ = {isa = PBXFileReference; lastKnownFileType = sourcecode.swift; path = ResetPasswordPresenter.swift; sourceTree = "<group>"; };
		15C64C4327BD27EC0088DD35 /* ResetPaswordRouter.swift */ = {isa = PBXFileReference; lastKnownFileType = sourcecode.swift; path = ResetPaswordRouter.swift; sourceTree = "<group>"; };
		15C64C4727BE213E0088DD35 /* tr */ = {isa = PBXFileReference; lastKnownFileType = text.plist.strings; name = tr; path = tr.lproj/Main.strings; sourceTree = "<group>"; };
		15C64C4D27BE24A70088DD35 /* WelcomeVCProtocols.swift */ = {isa = PBXFileReference; lastKnownFileType = sourcecode.swift; path = WelcomeVCProtocols.swift; sourceTree = "<group>"; };
		15C64C4F27BE26FE0088DD35 /* WelcomeInteractor.swift */ = {isa = PBXFileReference; lastKnownFileType = sourcecode.swift; path = WelcomeInteractor.swift; sourceTree = "<group>"; };
		15C64C5127BE27480088DD35 /* WelcomePresenter.swift */ = {isa = PBXFileReference; lastKnownFileType = sourcecode.swift; path = WelcomePresenter.swift; sourceTree = "<group>"; };
		15C64C5327BE27CE0088DD35 /* WelcomeRouter.swift */ = {isa = PBXFileReference; lastKnownFileType = sourcecode.swift; path = WelcomeRouter.swift; sourceTree = "<group>"; };
		15C64C5D27BE40AF0088DD35 /* GoogleSignIn-iOS */ = {isa = PBXFileReference; lastKnownFileType = wrapper; name = "GoogleSignIn-iOS"; path = "../../../GoogleSignIn-iOS"; sourceTree = "<group>"; };
		15C64C6527BE6E170088DD35 /* LoginPrefProtocols.swift */ = {isa = PBXFileReference; lastKnownFileType = sourcecode.swift; path = LoginPrefProtocols.swift; sourceTree = "<group>"; };
		15C64C6727BE6F690088DD35 /* LoginPrefInteractor.swift */ = {isa = PBXFileReference; lastKnownFileType = sourcecode.swift; path = LoginPrefInteractor.swift; sourceTree = "<group>"; };
		15C64C6927BE6F9D0088DD35 /* LoginPrefPresenter.swift */ = {isa = PBXFileReference; lastKnownFileType = sourcecode.swift; path = LoginPrefPresenter.swift; sourceTree = "<group>"; };
		15C64C6B27BE70100088DD35 /* LogInPrefRouter.swift */ = {isa = PBXFileReference; lastKnownFileType = sourcecode.swift; path = LogInPrefRouter.swift; sourceTree = "<group>"; };
		15DC5D3C27B520E4004CA892 /* LoginRouter.swift */ = {isa = PBXFileReference; lastKnownFileType = sourcecode.swift; path = LoginRouter.swift; sourceTree = "<group>"; };
		15EACB1F27AC29050089779A /* RegisterWithMailProtocols.swift */ = {isa = PBXFileReference; lastKnownFileType = sourcecode.swift; path = RegisterWithMailProtocols.swift; sourceTree = "<group>"; };
		15EACB2127AC2AA70089779A /* RegisterInteractor.swift */ = {isa = PBXFileReference; lastKnownFileType = sourcecode.swift; path = RegisterInteractor.swift; sourceTree = "<group>"; };
		15EACB2327AC2ACE0089779A /* RegisterPresenter.swift */ = {isa = PBXFileReference; lastKnownFileType = sourcecode.swift; path = RegisterPresenter.swift; sourceTree = "<group>"; };
		15EACB2527AC2BB30089779A /* RegisterRouter.swift */ = {isa = PBXFileReference; lastKnownFileType = sourcecode.swift; path = RegisterRouter.swift; sourceTree = "<group>"; };
		15FE356327B6A10500D48F9F /* LoginRouterProtocols.swift */ = {isa = PBXFileReference; lastKnownFileType = sourcecode.swift; path = LoginRouterProtocols.swift; sourceTree = "<group>"; };
		15FE356527B6A33100D48F9F /* LoginRouterInteractor.swift */ = {isa = PBXFileReference; lastKnownFileType = sourcecode.swift; path = LoginRouterInteractor.swift; sourceTree = "<group>"; };
		15FE356727B6A3A400D48F9F /* LoginRouterPresenter.swift */ = {isa = PBXFileReference; lastKnownFileType = sourcecode.swift; path = LoginRouterPresenter.swift; sourceTree = "<group>"; };
		15FE356927B6A4CA00D48F9F /* LoginRoutRouter.swift */ = {isa = PBXFileReference; lastKnownFileType = sourcecode.swift; path = LoginRoutRouter.swift; sourceTree = "<group>"; };
		15FE357127B6C87E00D48F9F /* InterestSelectProtocol.swift */ = {isa = PBXFileReference; lastKnownFileType = sourcecode.swift; path = InterestSelectProtocol.swift; sourceTree = "<group>"; };
		15FE357327B6CCF000D48F9F /* SelectInterestInteractor.swift */ = {isa = PBXFileReference; lastKnownFileType = sourcecode.swift; path = SelectInterestInteractor.swift; sourceTree = "<group>"; };
		15FE357527B6CCFA00D48F9F /* SelectInterestPresenter.swift */ = {isa = PBXFileReference; lastKnownFileType = sourcecode.swift; path = SelectInterestPresenter.swift; sourceTree = "<group>"; };
		15FE357727B6CD0500D48F9F /* SelectInterestRouter.swift */ = {isa = PBXFileReference; lastKnownFileType = sourcecode.swift; path = SelectInterestRouter.swift; sourceTree = "<group>"; };
/* End PBXFileReference section */

/* Begin PBXFrameworksBuildPhase section */
		150C8FAB27994C6D000DAFBE /* Frameworks */ = {
			isa = PBXFrameworksBuildPhase;
			buildActionMask = 2147483647;
			files = (
				1535674927B792AE007346D4 /* M13Checkbox in Frameworks */,
				156F043827B26DC300D37039 /* Lottie in Frameworks */,
				156F043E27B39DBD00D37039 /* DeviceKit in Frameworks */,
				15AE074227C9449B0012A81C /* FirebaseStorage in Frameworks */,
				15A5B41727C69A200082029E /* Kingfisher in Frameworks */,
				15AE073927C93AAB0012A81C /* Runtime in Frameworks */,
				15AE073E27C9449B0012A81C /* FirebaseFirestore in Frameworks */,
				15AE074027C9449B0012A81C /* FirebaseFirestoreSwift-Beta in Frameworks */,
				15AE073C27C9449B0012A81C /* FirebaseAuth in Frameworks */,
				15C64C6027BE518A0088DD35 /* GoogleSignIn in Frameworks */,
			);
			runOnlyForDeploymentPostprocessing = 0;
		};
		150C8FC127994C6E000DAFBE /* Frameworks */ = {
			isa = PBXFrameworksBuildPhase;
			buildActionMask = 2147483647;
			files = (
			);
			runOnlyForDeploymentPostprocessing = 0;
		};
		150C8FCB27994C6E000DAFBE /* Frameworks */ = {
			isa = PBXFrameworksBuildPhase;
			buildActionMask = 2147483647;
			files = (
			);
			runOnlyForDeploymentPostprocessing = 0;
		};
/* End PBXFrameworksBuildPhase section */

/* Begin PBXGroup section */
		15064F4C279D490E00460334 /* profile-module */ = {
			isa = PBXGroup;
			children = (
				156F042A27AFA7FE00D37039 /* enums */,
				15064F4D279D491900460334 /* entity */,
			);
			path = "profile-module";
			sourceTree = "<group>";
		};
		15064F4D279D491900460334 /* entity */ = {
			isa = PBXGroup;
			children = (
				15064F4E279D492A00460334 /* User.swift */,
				1517AF88279E968D00D1194E /* Hobby.swift */,
			);
			path = entity;
			sourceTree = "<group>";
		};
		15064F50279D4AE900460334 /* interactor */ = {
			isa = PBXGroup;
			children = (
				15064F57279D4CD800460334 /* DiscoveryInteractor.swift */,
			);
			path = interactor;
			sourceTree = "<group>";
		};
		15064F51279D4AF100460334 /* presenter */ = {
			isa = PBXGroup;
			children = (
				15064F59279D4D3700460334 /* DiscoveryPresenter.swift */,
			);
			path = presenter;
			sourceTree = "<group>";
		};
		15064F52279D4AF900460334 /* entity */ = {
			isa = PBXGroup;
			children = (
			);
			path = entity;
			sourceTree = "<group>";
		};
		15064F53279D4AFF00460334 /* router */ = {
			isa = PBXGroup;
			children = (
				15064F5B279D4D9100460334 /* DiscoveryRouter.swift */,
			);
			path = router;
			sourceTree = "<group>";
		};
		15064F54279D4B0800460334 /* protocol */ = {
			isa = PBXGroup;
			children = (
				15064F55279D4B5400460334 /* DiscorveryProtocols.swift */,
			);
			path = protocol;
			sourceTree = "<group>";
		};
		15064F5D279D50BA00460334 /* tableview */ = {
			isa = PBXGroup;
			children = (
				15064F5E279D50DD00460334 /* DiscoveryTableViewCell.swift */,
			);
			path = tableview;
			sourceTree = "<group>";
		};
		15064F60279D50E700460334 /* collectionview */ = {
			isa = PBXGroup;
			children = (
				15064F61279D50FD00460334 /* DiscoveryCollectionViewCell.swift */,
			);
			path = collectionview;
			sourceTree = "<group>";
		};
		150C8FA527994C6D000DAFBE = {
			isa = PBXGroup;
			children = (
				15C64C5C27BE40AF0088DD35 /* Packages */,
				150C8FB027994C6D000DAFBE /* Logoo */,
				150C8FC727994C6E000DAFBE /* LogooTests */,
				150C8FD127994C6E000DAFBE /* LogooUITests */,
				150C8FAF27994C6D000DAFBE /* Products */,
				15C64C5E27BE518A0088DD35 /* Frameworks */,
			);
			sourceTree = "<group>";
		};
		150C8FAF27994C6D000DAFBE /* Products */ = {
			isa = PBXGroup;
			children = (
				150C8FAE27994C6D000DAFBE /* Logoo.app */,
				150C8FC427994C6E000DAFBE /* LogooTests.xctest */,
				150C8FCE27994C6E000DAFBE /* LogooUITests.xctest */,
			);
			name = Products;
			sourceTree = "<group>";
		};
		150C8FB027994C6D000DAFBE /* Logoo */ = {
			isa = PBXGroup;
			children = (
				15C64C3427BD1D430088DD35 /* reset-password-module */,
				15BDA68327B646B80066F469 /* login-router-module */,
				156F045027B3C0E300D37039 /* selection-interest-module */,
				1517AF8C279EBC5700D1194E /* chat-module */,
				15064F4C279D490E00460334 /* profile-module */,
				159C3BD6279C5CD5001B9607 /* global-module */,
				159C3BD5279C5CC6001B9607 /* discover-module */,
				150C8FE827994EBB000DAFBE /* register-module */,
				150C8FE727994EB0000DAFBE /* login-module */,
				150C8FE627994E93000DAFBE /* login-pref-module */,
				150C8FE327994DC0000DAFBE /* welcome-module */,
				150C8FE527994E62000DAFBE /* onboard-module */,
				150C8FE427994DD9000DAFBE /* service */,
				156F044A27B3AA7F00D37039 /* utils */,
				150C8FB127994C6D000DAFBE /* AppDelegate.swift */,
				150C8FB327994C6D000DAFBE /* SceneDelegate.swift */,
				150C8FB727994C6D000DAFBE /* Main.storyboard */,
				150C8FBA27994C6E000DAFBE /* Assets.xcassets */,
				150C8FBC27994C6E000DAFBE /* LaunchScreen.storyboard */,
				150C8FBF27994C6E000DAFBE /* Info.plist */,
				1535675B27BA8170007346D4 /* strings */,
				156F043927B2700E00D37039 /* anim */,
				159E052227A1550700E41035 /* GoogleService-Info.plist */,
			);
			path = Logoo;
			sourceTree = "<group>";
		};
		150C8FC727994C6E000DAFBE /* LogooTests */ = {
			isa = PBXGroup;
			children = (
				150C8FC827994C6E000DAFBE /* LogooTests.swift */,
			);
			path = LogooTests;
			sourceTree = "<group>";
		};
		150C8FD127994C6E000DAFBE /* LogooUITests */ = {
			isa = PBXGroup;
			children = (
				150C8FD227994C6E000DAFBE /* LogooUITests.swift */,
				150C8FD427994C6E000DAFBE /* LogooUITestsLaunchTests.swift */,
			);
			path = LogooUITests;
			sourceTree = "<group>";
		};
		150C8FE327994DC0000DAFBE /* welcome-module */ = {
			isa = PBXGroup;
			children = (
				15C64C4C27BE248C0088DD35 /* protocols */,
				15C64C4B27BE24850088DD35 /* router */,
				15C64C4A27BE247F0088DD35 /* entity */,
				15C64C4927BE24720088DD35 /* presenter */,
				15C64C4827BE246B0088DD35 /* interactor */,
				150C8FF027995737000DAFBE /* view */,
			);
			path = "welcome-module";
			sourceTree = "<group>";
		};
		150C8FE427994DD9000DAFBE /* service */ = {
			isa = PBXGroup;
			children = (
				15AE073427C927390012A81C /* firebase */,
				150C8FE927995044000DAFBE /* userdefault */,
				150C8FEE2799521F000DAFBE /* Constants.swift */,
			);
			path = service;
			sourceTree = "<group>";
		};
		150C8FE527994E62000DAFBE /* onboard-module */ = {
			isa = PBXGroup;
			children = (
				150C8FF12799574E000DAFBE /* view */,
				150C8FF92799652E000DAFBE /* interactor */,
				150C8FFC2799654C000DAFBE /* protocol */,
				150C8FF62799614F000DAFBE /* entity */,
				150C8FFB27996546000DAFBE /* router */,
				150C8FFA2799653E000DAFBE /* presenter */,
			);
			path = "onboard-module";
			sourceTree = "<group>";
		};
		150C8FE627994E93000DAFBE /* login-pref-module */ = {
			isa = PBXGroup;
			children = (
				15C64C6D27BE8C2C0088DD35 /* entity */,
				15C64C6427BE6DF70088DD35 /* protocols */,
				15983C0127997C0200903073 /* view */,
				15C64C6327BE6DE00088DD35 /* interactor */,
				15C64C6227BE6DD90088DD35 /* presenter */,
				15C64C6127BE6D7A0088DD35 /* router */,
			);
			path = "login-pref-module";
			sourceTree = "<group>";
		};
		150C8FE727994EB0000DAFBE /* login-module */ = {
			isa = PBXGroup;
			children = (
				156F044327B3A3F400D37039 /* protocols */,
				153EA97F27A0466D00871246 /* view */,
				156F044227B3A3E800D37039 /* interactor */,
				156F044127B3A3DF00D37039 /* presenter */,
				156F044027B3A3DA00D37039 /* entity */,
				156F043F27B3A3CD00D37039 /* router */,
			);
			path = "login-module";
			sourceTree = "<group>";
		};
		150C8FE827994EBB000DAFBE /* register-module */ = {
			isa = PBXGroup;
			children = (
				15EACB1E27AC28EB0089779A /* protocols */,
				15983C042799953300903073 /* view */,
				15EACB1C27AC28C80089779A /* interactor */,
				15EACB1B27AC28C00089779A /* presenter */,
				159C3BD1279C10DC001B9607 /* entity */,
				15EACB1D27AC28D50089779A /* router */,
				15983C072799992300903073 /* collectionview */,
			);
			path = "register-module";
			sourceTree = "<group>";
		};
		150C8FE927995044000DAFBE /* userdefault */ = {
			isa = PBXGroup;
			children = (
				150C8FEA2799506E000DAFBE /* UDService.swift */,
				150C8FEC27995090000DAFBE /* UDProtocol.swift */,
			);
			path = userdefault;
			sourceTree = "<group>";
		};
		150C8FF027995737000DAFBE /* view */ = {
			isa = PBXGroup;
			children = (
				150C8FE127994D12000DAFBE /* WelcomeVC.swift */,
			);
			path = view;
			sourceTree = "<group>";
		};
		150C8FF12799574E000DAFBE /* view */ = {
			isa = PBXGroup;
			children = (
				150C8FF227995774000DAFBE /* OnBoardVC.swift */,
				150C8FF427995FFD000DAFBE /* OnBoardCollectionCell.swift */,
			);
			path = view;
			sourceTree = "<group>";
		};
		150C8FF62799614F000DAFBE /* entity */ = {
			isa = PBXGroup;
			children = (
				150C8FF72799615E000DAFBE /* OnBoard.swift */,
			);
			path = entity;
			sourceTree = "<group>";
		};
		150C8FF92799652E000DAFBE /* interactor */ = {
			isa = PBXGroup;
			children = (
				150C8FFF279966EA000DAFBE /* OnBoardInteractor.swift */,
			);
			path = interactor;
			sourceTree = "<group>";
		};
		150C8FFA2799653E000DAFBE /* presenter */ = {
			isa = PBXGroup;
			children = (
				150C90012799672A000DAFBE /* OnBoardPresenter.swift */,
			);
			path = presenter;
			sourceTree = "<group>";
		};
		150C8FFB27996546000DAFBE /* router */ = {
			isa = PBXGroup;
			children = (
				150C9003279967FA000DAFBE /* OnBoardRouter.swift */,
			);
			path = router;
			sourceTree = "<group>";
		};
		150C8FFC2799654C000DAFBE /* protocol */ = {
			isa = PBXGroup;
			children = (
				150C8FFD27996582000DAFBE /* OnBoardProtocols.swift */,
			);
			path = protocol;
			sourceTree = "<group>";
		};
		1517AF8C279EBC5700D1194E /* chat-module */ = {
			isa = PBXGroup;
			children = (
				153EA97627A0005A00871246 /* collectionview */,
				1517AF92279EBCA700D1194E /* view */,
				1517AF91279EBC9C00D1194E /* interactor */,
				1517AF90279EBC8D00D1194E /* presenter */,
				1517AF8F279EBC8600D1194E /* entity */,
				1517AF8E279EBC7400D1194E /* router */,
				1517AF8D279EBC6E00D1194E /* protocols */,
			);
			path = "chat-module";
			sourceTree = "<group>";
		};
		1517AF8D279EBC6E00D1194E /* protocols */ = {
			isa = PBXGroup;
			children = (
				1517AF95279EBD4D00D1194E /* ChatProtocols.swift */,
			);
			path = protocols;
			sourceTree = "<group>";
		};
		1517AF8E279EBC7400D1194E /* router */ = {
			isa = PBXGroup;
			children = (
				153EA970279FFDC900871246 /* ChatRouter.swift */,
			);
			path = router;
			sourceTree = "<group>";
		};
		1517AF8F279EBC8600D1194E /* entity */ = {
			isa = PBXGroup;
			children = (
				153EA969279FFA0E00871246 /* enums */,
				150D83A527C4F311009601F0 /* Inbox.swift */,
				15A5B40E27C6854A0082029E /* Room.swift */,
				15A5B41027C686420082029E /* Direct.swift */,
				15A5B41227C687280082029E /* Message.swift */,
			);
			path = entity;
			sourceTree = "<group>";
		};
		1517AF90279EBC8D00D1194E /* presenter */ = {
			isa = PBXGroup;
			children = (
				153EA974279FFE1100871246 /* ChatPresenter.swift */,
			);
			path = presenter;
			sourceTree = "<group>";
		};
		1517AF91279EBC9C00D1194E /* interactor */ = {
			isa = PBXGroup;
			children = (
				153EA972279FFDE000871246 /* ChatInteractor.swift */,
			);
			path = interactor;
			sourceTree = "<group>";
		};
		1517AF92279EBCA700D1194E /* view */ = {
			isa = PBXGroup;
			children = (
				1517AF93279EBCD900D1194E /* ChatVC.swift */,
			);
			path = view;
			sourceTree = "<group>";
		};
		1535674A27B794A7007346D4 /* collectionView */ = {
			isa = PBXGroup;
			children = (
				1535675427B7F3C9007346D4 /* InterestSelectionCell.swift */,
				15C64C2E27BCE04E0088DD35 /* InterestSelectedCell.swift */,
			);
			path = collectionView;
			sourceTree = "<group>";
		};
		1535675B27BA8170007346D4 /* strings */ = {
			isa = PBXGroup;
			children = (
				1535676027BA81D0007346D4 /* Localizable.strings */,
			);
			path = strings;
			sourceTree = "<group>";
		};
		153EA969279FFA0E00871246 /* enums */ = {
			isa = PBXGroup;
			children = (
				153EA96A279FFA2E00871246 /* RequestType.swift */,
				153EA97B27A0076000871246 /* ChatType.swift */,
				153EA96C279FFA5800871246 /* MessageType.swift */,
				150D83A727C4F3BE009601F0 /* InboxType.swift */,
			);
			path = enums;
			sourceTree = "<group>";
		};
		153EA97627A0005A00871246 /* collectionview */ = {
			isa = PBXGroup;
			children = (
				153EA97727A0007B00871246 /* WaitingRequestCollectionViewCell.swift */,
				153EA97927A0008D00871246 /* InboxCollectionViewCell.swift */,
			);
			path = collectionview;
			sourceTree = "<group>";
		};
		153EA97F27A0466D00871246 /* view */ = {
			isa = PBXGroup;
			children = (
				153EA98027A0468500871246 /* LoginVC.swift */,
			);
			path = view;
			sourceTree = "<group>";
		};
		156F042A27AFA7FE00D37039 /* enums */ = {
			isa = PBXGroup;
			children = (
				156F042B27AFA80F00D37039 /* GenderType.swift */,
			);
			path = enums;
			sourceTree = "<group>";
		};
		156F043927B2700E00D37039 /* anim */ = {
			isa = PBXGroup;
			children = (
				15C2003B27C8B53700763934 /* failure.json */,
				15C2003C27C8B53700763934 /* success.json */,
				15C64C3227BCF39E0088DD35 /* loading.json */,
				156F043A27B2702B00D37039 /* mail_sended.json */,
			);
			path = anim;
			sourceTree = "<group>";
		};
		156F043F27B3A3CD00D37039 /* router */ = {
			isa = PBXGroup;
			children = (
				15DC5D3C27B520E4004CA892 /* LoginRouter.swift */,
			);
			path = router;
			sourceTree = "<group>";
		};
		156F044027B3A3DA00D37039 /* entity */ = {
			isa = PBXGroup;
			children = (
				156F044D27B3AC9C00D37039 /* enums */,
			);
			path = entity;
			sourceTree = "<group>";
		};
		156F044127B3A3DF00D37039 /* presenter */ = {
			isa = PBXGroup;
			children = (
				156F044827B3A61300D37039 /* LoginPresenter.swift */,
			);
			path = presenter;
			sourceTree = "<group>";
		};
		156F044227B3A3E800D37039 /* interactor */ = {
			isa = PBXGroup;
			children = (
				156F044627B3A58900D37039 /* LoginInteractor.swift */,
			);
			path = interactor;
			sourceTree = "<group>";
		};
		156F044327B3A3F400D37039 /* protocols */ = {
			isa = PBXGroup;
			children = (
				156F044427B3A40C00D37039 /* LoginProtocols.swift */,
			);
			path = protocols;
			sourceTree = "<group>";
		};
		156F044A27B3AA7F00D37039 /* utils */ = {
			isa = PBXGroup;
			children = (
				1517AF8A279E9AAA00D1194E /* Util.swift */,
				156F044B27B3AAC500D37039 /* Resource.swift */,
				1535675827BA671D007346D4 /* Validators.swift */,
				15C64C3027BCED220088DD35 /* CustomAlert.swift */,
			);
			path = utils;
			sourceTree = "<group>";
		};
		156F044D27B3AC9C00D37039 /* enums */ = {
			isa = PBXGroup;
			children = (
				156F044E27B3ACC100D37039 /* UserState.swift */,
			);
			path = enums;
			sourceTree = "<group>";
		};
		156F045027B3C0E300D37039 /* selection-interest-module */ = {
			isa = PBXGroup;
			children = (
				1535674A27B794A7007346D4 /* collectionView */,
				15FE357027B6C83600D48F9F /* protocols */,
				15FE356F27B6C83100D48F9F /* view */,
				15FE356E27B6C82C00D48F9F /* interactor */,
				15FE356D27B6C82500D48F9F /* presenter */,
				15FE356C27B6C81D00D48F9F /* entity */,
				15FE356B27B6C81600D48F9F /* router */,
			);
			path = "selection-interest-module";
			sourceTree = "<group>";
		};
		15983C0127997C0200903073 /* view */ = {
			isa = PBXGroup;
			children = (
				15983C0227997C1B00903073 /* LoginPrefVC.swift */,
			);
			path = view;
			sourceTree = "<group>";
		};
		15983C042799953300903073 /* view */ = {
			isa = PBXGroup;
			children = (
				15983C052799954500903073 /* RegisterVC.swift */,
			);
			path = view;
			sourceTree = "<group>";
		};
		15983C072799992300903073 /* collectionview */ = {
			isa = PBXGroup;
			children = (
				15A5B42027C76AE10082029E /* RegisterPhotoChooseCell.swift */,
				15A5B42127C76AE10082029E /* RegisterPhotoChooseCell.xib */,
				15A5B42427C76AF90082029E /* RegisterInformationCell.swift */,
				15A5B42527C76AF90082029E /* RegisterInformationCell.xib */,
				15A5B42A27C76B740082029E /* RegisterConfirmCell.swift */,
				15A5B42B27C76B740082029E /* RegisterConfirmCell.xib */,
				15A5B42E27C76B930082029E /* RegisterBirthDayCell.swift */,
				15A5B42F27C76B930082029E /* RegisterBirthDayCell.xib */,
				15A5B43227C76BA80082029E /* RegisterGenderCell.swift */,
				15A5B43327C76BA80082029E /* RegisterGenderCell.xib */,
				15A5B43627C777DF0082029E /* RegisterProtocols.swift */,
			);
			path = collectionview;
			sourceTree = "<group>";
		};
		159C3BD1279C10DC001B9607 /* entity */ = {
			isa = PBXGroup;
			children = (
				15A5B43827C7A5420082029E /* enums */,
				159C3BD2279C110F001B9607 /* ValidationResponse.swift */,
			);
			path = entity;
			sourceTree = "<group>";
		};
		159C3BD5279C5CC6001B9607 /* discover-module */ = {
			isa = PBXGroup;
			children = (
				15064F60279D50E700460334 /* collectionview */,
				15064F5D279D50BA00460334 /* tableview */,
				15064F54279D4B0800460334 /* protocol */,
				15064F53279D4AFF00460334 /* router */,
				15064F52279D4AF900460334 /* entity */,
				15064F51279D4AF100460334 /* presenter */,
				15064F50279D4AE900460334 /* interactor */,
				159C3BDA279C5D7E001B9607 /* view */,
			);
			path = "discover-module";
			sourceTree = "<group>";
		};
		159C3BD6279C5CD5001B9607 /* global-module */ = {
			isa = PBXGroup;
			children = (
				15A5B41427C687B60082029E /* entity */,
				159C3BDD279C5D99001B9607 /* view */,
			);
			path = "global-module";
			sourceTree = "<group>";
		};
		159C3BDA279C5D7E001B9607 /* view */ = {
			isa = PBXGroup;
			children = (
				159C3BDB279C5D92001B9607 /* DiscoverVC.swift */,
			);
			path = view;
			sourceTree = "<group>";
		};
		159C3BDD279C5D99001B9607 /* view */ = {
			isa = PBXGroup;
			children = (
				159C3BDE279C5DAA001B9607 /* GlobalVC.swift */,
			);
			path = view;
			sourceTree = "<group>";
		};
		15A5B41427C687B60082029E /* entity */ = {
			isa = PBXGroup;
			children = (
			);
			path = entity;
			sourceTree = "<group>";
		};
		15A5B43827C7A5420082029E /* enums */ = {
			isa = PBXGroup;
			children = (
				15A5B43927C7A5590082029E /* RegisterType.swift */,
			);
			path = enums;
			sourceTree = "<group>";
		};
		15AE073427C927390012A81C /* firebase */ = {
			isa = PBXGroup;
			children = (
				15AE073527C927630012A81C /* FirestoreService.swift */,
			);
			path = firebase;
			sourceTree = "<group>";
		};
		15BDA68327B646B80066F469 /* login-router-module */ = {
			isa = PBXGroup;
			children = (
				15FE356227B6A0EF00D48F9F /* protocols */,
				15BDA68427B647330066F469 /* view */,
				15FE356127B6A0E200D48F9F /* interactor */,
				15FE356027B6A0DB00D48F9F /* presenter */,
				15FE355F27B6A0D600D48F9F /* entity */,
				15FE355E27B6A0C700D48F9F /* router */,
			);
			path = "login-router-module";
			sourceTree = "<group>";
		};
		15BDA68427B647330066F469 /* view */ = {
			isa = PBXGroup;
			children = (
				15BDA68527B647440066F469 /* LoginRouterVC.swift */,
			);
			path = view;
			sourceTree = "<group>";
		};
		15C64C3427BD1D430088DD35 /* reset-password-module */ = {
			isa = PBXGroup;
			children = (
				15C64C3C27BD261A0088DD35 /* protocols */,
				15C64C3527BD1D4E0088DD35 /* view */,
				15C64C3B27BD260C0088DD35 /* interactor */,
				15C64C3A27BD26050088DD35 /* presenter */,
				15C64C3927BD25FE0088DD35 /* entity */,
				15C64C3827BD25F90088DD35 /* router */,
			);
			path = "reset-password-module";
			sourceTree = "<group>";
		};
		15C64C3527BD1D4E0088DD35 /* view */ = {
			isa = PBXGroup;
			children = (
				15C64C3627BD1DA80088DD35 /* ResetPasswordVC.swift */,
			);
			path = view;
			sourceTree = "<group>";
		};
		15C64C3827BD25F90088DD35 /* router */ = {
			isa = PBXGroup;
			children = (
				15C64C4327BD27EC0088DD35 /* ResetPaswordRouter.swift */,
			);
			path = router;
			sourceTree = "<group>";
		};
		15C64C3927BD25FE0088DD35 /* entity */ = {
			isa = PBXGroup;
			children = (
			);
			path = entity;
			sourceTree = "<group>";
		};
		15C64C3A27BD26050088DD35 /* presenter */ = {
			isa = PBXGroup;
			children = (
				15C64C4127BD27A30088DD35 /* ResetPasswordPresenter.swift */,
			);
			path = presenter;
			sourceTree = "<group>";
		};
		15C64C3B27BD260C0088DD35 /* interactor */ = {
			isa = PBXGroup;
			children = (
				15C64C3F27BD277D0088DD35 /* ResetPasswordInteractor.swift */,
			);
			path = interactor;
			sourceTree = "<group>";
		};
		15C64C3C27BD261A0088DD35 /* protocols */ = {
			isa = PBXGroup;
			children = (
				15C64C3D27BD26340088DD35 /* ResetPasswordProtocols.swift */,
			);
			path = protocols;
			sourceTree = "<group>";
		};
		15C64C4827BE246B0088DD35 /* interactor */ = {
			isa = PBXGroup;
			children = (
				15C64C4F27BE26FE0088DD35 /* WelcomeInteractor.swift */,
			);
			path = interactor;
			sourceTree = "<group>";
		};
		15C64C4927BE24720088DD35 /* presenter */ = {
			isa = PBXGroup;
			children = (
				15C64C5127BE27480088DD35 /* WelcomePresenter.swift */,
			);
			path = presenter;
			sourceTree = "<group>";
		};
		15C64C4A27BE247F0088DD35 /* entity */ = {
			isa = PBXGroup;
			children = (
			);
			path = entity;
			sourceTree = "<group>";
		};
		15C64C4B27BE24850088DD35 /* router */ = {
			isa = PBXGroup;
			children = (
				15C64C5327BE27CE0088DD35 /* WelcomeRouter.swift */,
			);
			path = router;
			sourceTree = "<group>";
		};
		15C64C4C27BE248C0088DD35 /* protocols */ = {
			isa = PBXGroup;
			children = (
				15C64C4D27BE24A70088DD35 /* WelcomeVCProtocols.swift */,
			);
			path = protocols;
			sourceTree = "<group>";
		};
		15C64C5C27BE40AF0088DD35 /* Packages */ = {
			isa = PBXGroup;
			children = (
				15C64C5D27BE40AF0088DD35 /* GoogleSignIn-iOS */,
			);
			name = Packages;
			sourceTree = "<group>";
		};
		15C64C5E27BE518A0088DD35 /* Frameworks */ = {
			isa = PBXGroup;
			children = (
			);
			name = Frameworks;
			sourceTree = "<group>";
		};
		15C64C6127BE6D7A0088DD35 /* router */ = {
			isa = PBXGroup;
			children = (
				15C64C6B27BE70100088DD35 /* LogInPrefRouter.swift */,
			);
			path = router;
			sourceTree = "<group>";
		};
		15C64C6227BE6DD90088DD35 /* presenter */ = {
			isa = PBXGroup;
			children = (
				15C64C6927BE6F9D0088DD35 /* LoginPrefPresenter.swift */,
			);
			path = presenter;
			sourceTree = "<group>";
		};
		15C64C6327BE6DE00088DD35 /* interactor */ = {
			isa = PBXGroup;
			children = (
				15C64C6727BE6F690088DD35 /* LoginPrefInteractor.swift */,
			);
			path = interactor;
			sourceTree = "<group>";
		};
		15C64C6427BE6DF70088DD35 /* protocols */ = {
			isa = PBXGroup;
			children = (
				15C64C6527BE6E170088DD35 /* LoginPrefProtocols.swift */,
			);
			path = protocols;
			sourceTree = "<group>";
		};
		15C64C6D27BE8C2C0088DD35 /* entity */ = {
			isa = PBXGroup;
			children = (
			);
			path = entity;
			sourceTree = "<group>";
		};
		15EACB1B27AC28C00089779A /* presenter */ = {
			isa = PBXGroup;
			children = (
				15EACB2327AC2ACE0089779A /* RegisterPresenter.swift */,
			);
			path = presenter;
			sourceTree = "<group>";
		};
		15EACB1C27AC28C80089779A /* interactor */ = {
			isa = PBXGroup;
			children = (
				15EACB2127AC2AA70089779A /* RegisterInteractor.swift */,
			);
			path = interactor;
			sourceTree = "<group>";
		};
		15EACB1D27AC28D50089779A /* router */ = {
			isa = PBXGroup;
			children = (
				15EACB2527AC2BB30089779A /* RegisterRouter.swift */,
			);
			path = router;
			sourceTree = "<group>";
		};
		15EACB1E27AC28EB0089779A /* protocols */ = {
			isa = PBXGroup;
			children = (
				15EACB1F27AC29050089779A /* RegisterWithMailProtocols.swift */,
			);
			path = protocols;
			sourceTree = "<group>";
		};
		15FE355E27B6A0C700D48F9F /* router */ = {
			isa = PBXGroup;
			children = (
				15FE356927B6A4CA00D48F9F /* LoginRoutRouter.swift */,
			);
			path = router;
			sourceTree = "<group>";
		};
		15FE355F27B6A0D600D48F9F /* entity */ = {
			isa = PBXGroup;
			children = (
			);
			path = entity;
			sourceTree = "<group>";
		};
		15FE356027B6A0DB00D48F9F /* presenter */ = {
			isa = PBXGroup;
			children = (
				15FE356727B6A3A400D48F9F /* LoginRouterPresenter.swift */,
			);
			path = presenter;
			sourceTree = "<group>";
		};
		15FE356127B6A0E200D48F9F /* interactor */ = {
			isa = PBXGroup;
			children = (
				15FE356527B6A33100D48F9F /* LoginRouterInteractor.swift */,
			);
			path = interactor;
			sourceTree = "<group>";
		};
		15FE356227B6A0EF00D48F9F /* protocols */ = {
			isa = PBXGroup;
			children = (
				15FE356327B6A10500D48F9F /* LoginRouterProtocols.swift */,
			);
			path = protocols;
			sourceTree = "<group>";
		};
		15FE356B27B6C81600D48F9F /* router */ = {
			isa = PBXGroup;
			children = (
				15FE357727B6CD0500D48F9F /* SelectInterestRouter.swift */,
			);
			path = router;
			sourceTree = "<group>";
		};
		15FE356C27B6C81D00D48F9F /* entity */ = {
			isa = PBXGroup;
			children = (
				1535675627B7F97F007346D4 /* InterestSelectionModel.swift */,
			);
			path = entity;
			sourceTree = "<group>";
		};
		15FE356D27B6C82500D48F9F /* presenter */ = {
			isa = PBXGroup;
			children = (
				15FE357527B6CCFA00D48F9F /* SelectInterestPresenter.swift */,
			);
			path = presenter;
			sourceTree = "<group>";
		};
		15FE356E27B6C82C00D48F9F /* interactor */ = {
			isa = PBXGroup;
			children = (
				15FE357327B6CCF000D48F9F /* SelectInterestInteractor.swift */,
			);
			path = interactor;
			sourceTree = "<group>";
		};
		15FE356F27B6C83100D48F9F /* view */ = {
			isa = PBXGroup;
			children = (
				156F045127B3C11700D37039 /* SelectInterestVC.swift */,
			);
			path = view;
			sourceTree = "<group>";
		};
		15FE357027B6C83600D48F9F /* protocols */ = {
			isa = PBXGroup;
			children = (
				15FE357127B6C87E00D48F9F /* InterestSelectProtocol.swift */,
			);
			path = protocols;
			sourceTree = "<group>";
		};
/* End PBXGroup section */

/* Begin PBXNativeTarget section */
		150C8FAD27994C6D000DAFBE /* Logoo */ = {
			isa = PBXNativeTarget;
			buildConfigurationList = 150C8FD827994C6E000DAFBE /* Build configuration list for PBXNativeTarget "Logoo" */;
			buildPhases = (
				150C8FAA27994C6D000DAFBE /* Sources */,
				150C8FAB27994C6D000DAFBE /* Frameworks */,
				150C8FAC27994C6D000DAFBE /* Resources */,
			);
			buildRules = (
			);
			dependencies = (
			);
			name = Logoo;
			packageProductDependencies = (
				156F043727B26DC300D37039 /* Lottie */,
				156F043D27B39DBD00D37039 /* DeviceKit */,
				1535674827B792AE007346D4 /* M13Checkbox */,
				15C64C5F27BE518A0088DD35 /* GoogleSignIn */,
				15A5B41627C69A200082029E /* Kingfisher */,
				15AE073827C93AAB0012A81C /* Runtime */,
				15AE073B27C9449B0012A81C /* FirebaseAuth */,
				15AE073D27C9449B0012A81C /* FirebaseFirestore */,
				15AE073F27C9449B0012A81C /* FirebaseFirestoreSwift-Beta */,
				15AE074127C9449B0012A81C /* FirebaseStorage */,
			);
			productName = Logoo;
			productReference = 150C8FAE27994C6D000DAFBE /* Logoo.app */;
			productType = "com.apple.product-type.application";
		};
		150C8FC327994C6E000DAFBE /* LogooTests */ = {
			isa = PBXNativeTarget;
			buildConfigurationList = 150C8FDB27994C6E000DAFBE /* Build configuration list for PBXNativeTarget "LogooTests" */;
			buildPhases = (
				150C8FC027994C6E000DAFBE /* Sources */,
				150C8FC127994C6E000DAFBE /* Frameworks */,
				150C8FC227994C6E000DAFBE /* Resources */,
			);
			buildRules = (
			);
			dependencies = (
				150C8FC627994C6E000DAFBE /* PBXTargetDependency */,
			);
			name = LogooTests;
			productName = LogooTests;
			productReference = 150C8FC427994C6E000DAFBE /* LogooTests.xctest */;
			productType = "com.apple.product-type.bundle.unit-test";
		};
		150C8FCD27994C6E000DAFBE /* LogooUITests */ = {
			isa = PBXNativeTarget;
			buildConfigurationList = 150C8FDE27994C6E000DAFBE /* Build configuration list for PBXNativeTarget "LogooUITests" */;
			buildPhases = (
				150C8FCA27994C6E000DAFBE /* Sources */,
				150C8FCB27994C6E000DAFBE /* Frameworks */,
				150C8FCC27994C6E000DAFBE /* Resources */,
			);
			buildRules = (
			);
			dependencies = (
				150C8FD027994C6E000DAFBE /* PBXTargetDependency */,
			);
			name = LogooUITests;
			productName = LogooUITests;
			productReference = 150C8FCE27994C6E000DAFBE /* LogooUITests.xctest */;
			productType = "com.apple.product-type.bundle.ui-testing";
		};
/* End PBXNativeTarget section */

/* Begin PBXProject section */
		150C8FA627994C6D000DAFBE /* Project object */ = {
			isa = PBXProject;
			attributes = {
				BuildIndependentTargetsInParallel = 1;
				LastSwiftUpdateCheck = 1320;
				LastUpgradeCheck = 1320;
				TargetAttributes = {
					150C8FAD27994C6D000DAFBE = {
						CreatedOnToolsVersion = 13.2.1;
					};
					150C8FC327994C6E000DAFBE = {
						CreatedOnToolsVersion = 13.2.1;
						TestTargetID = 150C8FAD27994C6D000DAFBE;
					};
					150C8FCD27994C6E000DAFBE = {
						CreatedOnToolsVersion = 13.2.1;
						TestTargetID = 150C8FAD27994C6D000DAFBE;
					};
				};
			};
			buildConfigurationList = 150C8FA927994C6D000DAFBE /* Build configuration list for PBXProject "Logoo" */;
			compatibilityVersion = "Xcode 13.0";
			developmentRegion = en;
			hasScannedForEncodings = 0;
			knownRegions = (
				en,
				Base,
				tr,
			);
			mainGroup = 150C8FA527994C6D000DAFBE;
			packageReferences = (
				156F043627B26DC300D37039 /* XCRemoteSwiftPackageReference "lottie-ios" */,
				156F043C27B39DBD00D37039 /* XCRemoteSwiftPackageReference "DeviceKit" */,
				1535674727B792AE007346D4 /* XCRemoteSwiftPackageReference "M13Checkbox" */,
				15A5B41527C69A200082029E /* XCRemoteSwiftPackageReference "Kingfisher" */,
				15AE073727C93AAA0012A81C /* XCRemoteSwiftPackageReference "Runtime" */,
				15AE073A27C9449B0012A81C /* XCRemoteSwiftPackageReference "firebase-ios-sdk" */,
			);
			productRefGroup = 150C8FAF27994C6D000DAFBE /* Products */;
			projectDirPath = "";
			projectRoot = "";
			targets = (
				150C8FAD27994C6D000DAFBE /* Logoo */,
				150C8FC327994C6E000DAFBE /* LogooTests */,
				150C8FCD27994C6E000DAFBE /* LogooUITests */,
			);
		};
/* End PBXProject section */

/* Begin PBXResourcesBuildPhase section */
		150C8FAC27994C6D000DAFBE /* Resources */ = {
			isa = PBXResourcesBuildPhase;
			buildActionMask = 2147483647;
			files = (
				150C8FBE27994C6E000DAFBE /* LaunchScreen.storyboard in Resources */,
				1535675E27BA81D0007346D4 /* Localizable.strings in Resources */,
				159E052327A1550700E41035 /* GoogleService-Info.plist in Resources */,
				15A5B42D27C76B740082029E /* RegisterConfirmCell.xib in Resources */,
				15A5B43127C76B930082029E /* RegisterBirthDayCell.xib in Resources */,
				15A5B43527C76BA80082029E /* RegisterGenderCell.xib in Resources */,
				156F043B27B2702B00D37039 /* mail_sended.json in Resources */,
				15A5B42727C76AF90082029E /* RegisterInformationCell.xib in Resources */,
				15A5B42327C76AE10082029E /* RegisterPhotoChooseCell.xib in Resources */,
				15C64C3327BCF39E0088DD35 /* loading.json in Resources */,
				150C8FBB27994C6E000DAFBE /* Assets.xcassets in Resources */,
				15C2003E27C8B53700763934 /* success.json in Resources */,
				15C2003D27C8B53700763934 /* failure.json in Resources */,
				150C8FB927994C6D000DAFBE /* Main.storyboard in Resources */,
			);
			runOnlyForDeploymentPostprocessing = 0;
		};
		150C8FC227994C6E000DAFBE /* Resources */ = {
			isa = PBXResourcesBuildPhase;
			buildActionMask = 2147483647;
			files = (
			);
			runOnlyForDeploymentPostprocessing = 0;
		};
		150C8FCC27994C6E000DAFBE /* Resources */ = {
			isa = PBXResourcesBuildPhase;
			buildActionMask = 2147483647;
			files = (
			);
			runOnlyForDeploymentPostprocessing = 0;
		};
/* End PBXResourcesBuildPhase section */

/* Begin PBXSourcesBuildPhase section */
		150C8FAA27994C6D000DAFBE /* Sources */ = {
			isa = PBXSourcesBuildPhase;
			buildActionMask = 2147483647;
			files = (
				1517AF94279EBCD900D1194E /* ChatVC.swift in Sources */,
				1517AF96279EBD4D00D1194E /* ChatProtocols.swift in Sources */,
				156F042C27AFA80F00D37039 /* GenderType.swift in Sources */,
				15AE073627C927630012A81C /* FirestoreService.swift in Sources */,
				15C64C5227BE27480088DD35 /* WelcomePresenter.swift in Sources */,
				15A5B40F27C6854A0082029E /* Room.swift in Sources */,
				153EA975279FFE1100871246 /* ChatPresenter.swift in Sources */,
				15EACB2427AC2ACE0089779A /* RegisterPresenter.swift in Sources */,
				15C64C4427BD27EC0088DD35 /* ResetPaswordRouter.swift in Sources */,
				159C3BDC279C5D92001B9607 /* DiscoverVC.swift in Sources */,
				15C64C3127BCED220088DD35 /* CustomAlert.swift in Sources */,
				153EA973279FFDE000871246 /* ChatInteractor.swift in Sources */,
				150C8FED27995090000DAFBE /* UDProtocol.swift in Sources */,
				15A5B43727C777DF0082029E /* RegisterProtocols.swift in Sources */,
				15FE356627B6A33100D48F9F /* LoginRouterInteractor.swift in Sources */,
				15C64C4027BD277D0088DD35 /* ResetPasswordInteractor.swift in Sources */,
				1535675727B7F97F007346D4 /* InterestSelectionModel.swift in Sources */,
				159C3BDF279C5DAA001B9607 /* GlobalVC.swift in Sources */,
				15C64C6627BE6E170088DD35 /* LoginPrefProtocols.swift in Sources */,
				150C9000279966EA000DAFBE /* OnBoardInteractor.swift in Sources */,
				15A5B42C27C76B740082029E /* RegisterConfirmCell.swift in Sources */,
				15C64C6827BE6F690088DD35 /* LoginPrefInteractor.swift in Sources */,
				1517AF89279E968D00D1194E /* Hobby.swift in Sources */,
				15A5B41127C686430082029E /* Direct.swift in Sources */,
				150C8FEB2799506E000DAFBE /* UDService.swift in Sources */,
				150C8FE227994D12000DAFBE /* WelcomeVC.swift in Sources */,
				150C8FF327995774000DAFBE /* OnBoardVC.swift in Sources */,
				15FE357227B6C87E00D48F9F /* InterestSelectProtocol.swift in Sources */,
				150C8FB227994C6D000DAFBE /* AppDelegate.swift in Sources */,
				15C64C3E27BD26340088DD35 /* ResetPasswordProtocols.swift in Sources */,
				15FE357427B6CCF000D48F9F /* SelectInterestInteractor.swift in Sources */,
				15EACB2027AC29050089779A /* RegisterWithMailProtocols.swift in Sources */,
				156F044527B3A40C00D37039 /* LoginProtocols.swift in Sources */,
				15064F5C279D4D9100460334 /* DiscoveryRouter.swift in Sources */,
				15FE356A27B6A4CA00D48F9F /* LoginRoutRouter.swift in Sources */,
				150C90022799672A000DAFBE /* OnBoardPresenter.swift in Sources */,
				153EA971279FFDC900871246 /* ChatRouter.swift in Sources */,
				15C64C2F27BCE04E0088DD35 /* InterestSelectedCell.swift in Sources */,
				15EACB2227AC2AA70089779A /* RegisterInteractor.swift in Sources */,
				15C64C5427BE27CE0088DD35 /* WelcomeRouter.swift in Sources */,
				15064F56279D4B5400460334 /* DiscorveryProtocols.swift in Sources */,
				150C8FB427994C6D000DAFBE /* SceneDelegate.swift in Sources */,
				15C64C4227BD27A30088DD35 /* ResetPasswordPresenter.swift in Sources */,
				150C8FEF2799521F000DAFBE /* Constants.swift in Sources */,
				15DC5D3D27B520E4004CA892 /* LoginRouter.swift in Sources */,
				15983C062799954500903073 /* RegisterVC.swift in Sources */,
				150C9004279967FB000DAFBE /* OnBoardRouter.swift in Sources */,
				15C64C6C27BE70100088DD35 /* LogInPrefRouter.swift in Sources */,
				150D83A627C4F311009601F0 /* Inbox.swift in Sources */,
				15A5B42627C76AF90082029E /* RegisterInformationCell.swift in Sources */,
				150C8FF82799615E000DAFBE /* OnBoard.swift in Sources */,
				15064F5A279D4D3700460334 /* DiscoveryPresenter.swift in Sources */,
				1535675927BA671D007346D4 /* Validators.swift in Sources */,
				156F044C27B3AAC500D37039 /* Resource.swift in Sources */,
				156F045227B3C11700D37039 /* SelectInterestVC.swift in Sources */,
				15FE357627B6CCFA00D48F9F /* SelectInterestPresenter.swift in Sources */,
				15064F58279D4CD800460334 /* DiscoveryInteractor.swift in Sources */,
				15A5B42227C76AE10082029E /* RegisterPhotoChooseCell.swift in Sources */,
				153EA97A27A0008D00871246 /* InboxCollectionViewCell.swift in Sources */,
				15983C0327997C1B00903073 /* LoginPrefVC.swift in Sources */,
				15A5B41327C687280082029E /* Message.swift in Sources */,
				15A5B43027C76B930082029E /* RegisterBirthDayCell.swift in Sources */,
				15C64C6A27BE6F9D0088DD35 /* LoginPrefPresenter.swift in Sources */,
				15EACB2627AC2BB30089779A /* RegisterRouter.swift in Sources */,
				15064F62279D50FD00460334 /* DiscoveryCollectionViewCell.swift in Sources */,
				15FE356827B6A3A400D48F9F /* LoginRouterPresenter.swift in Sources */,
				156F044927B3A61300D37039 /* LoginPresenter.swift in Sources */,
				15FE356427B6A10500D48F9F /* LoginRouterProtocols.swift in Sources */,
				150C8FF527995FFD000DAFBE /* OnBoardCollectionCell.swift in Sources */,
				15FE357827B6CD0500D48F9F /* SelectInterestRouter.swift in Sources */,
				15C64C3727BD1DA80088DD35 /* ResetPasswordVC.swift in Sources */,
				153EA98127A0468500871246 /* LoginVC.swift in Sources */,
				156F044727B3A58900D37039 /* LoginInteractor.swift in Sources */,
				15C64C4E27BE24A70088DD35 /* WelcomeVCProtocols.swift in Sources */,
				15A5B43427C76BA80082029E /* RegisterGenderCell.swift in Sources */,
				153EA97C27A0076000871246 /* ChatType.swift in Sources */,
				159C3BD3279C110F001B9607 /* ValidationResponse.swift in Sources */,
				150C8FFE27996582000DAFBE /* OnBoardProtocols.swift in Sources */,
				15C64C5027BE26FE0088DD35 /* WelcomeInteractor.swift in Sources */,
				15BDA68627B647440066F469 /* LoginRouterVC.swift in Sources */,
				153EA96D279FFA5800871246 /* MessageType.swift in Sources */,
				1535675527B7F3C9007346D4 /* InterestSelectionCell.swift in Sources */,
				156F044F27B3ACC100D37039 /* UserState.swift in Sources */,
				153EA96B279FFA2E00871246 /* RequestType.swift in Sources */,
				150D83A827C4F3BE009601F0 /* InboxType.swift in Sources */,
				1517AF8B279E9AAA00D1194E /* Util.swift in Sources */,
				153EA97827A0007B00871246 /* WaitingRequestCollectionViewCell.swift in Sources */,
				15064F5F279D50DD00460334 /* DiscoveryTableViewCell.swift in Sources */,
				15064F4F279D492A00460334 /* User.swift in Sources */,
				15A5B43A27C7A5590082029E /* RegisterType.swift in Sources */,
			);
			runOnlyForDeploymentPostprocessing = 0;
		};
		150C8FC027994C6E000DAFBE /* Sources */ = {
			isa = PBXSourcesBuildPhase;
			buildActionMask = 2147483647;
			files = (
				150C8FC927994C6E000DAFBE /* LogooTests.swift in Sources */,
			);
			runOnlyForDeploymentPostprocessing = 0;
		};
		150C8FCA27994C6E000DAFBE /* Sources */ = {
			isa = PBXSourcesBuildPhase;
			buildActionMask = 2147483647;
			files = (
				150C8FD327994C6E000DAFBE /* LogooUITests.swift in Sources */,
				150C8FD527994C6E000DAFBE /* LogooUITestsLaunchTests.swift in Sources */,
			);
			runOnlyForDeploymentPostprocessing = 0;
		};
/* End PBXSourcesBuildPhase section */

/* Begin PBXTargetDependency section */
		150C8FC627994C6E000DAFBE /* PBXTargetDependency */ = {
			isa = PBXTargetDependency;
			target = 150C8FAD27994C6D000DAFBE /* Logoo */;
			targetProxy = 150C8FC527994C6E000DAFBE /* PBXContainerItemProxy */;
		};
		150C8FD027994C6E000DAFBE /* PBXTargetDependency */ = {
			isa = PBXTargetDependency;
			target = 150C8FAD27994C6D000DAFBE /* Logoo */;
			targetProxy = 150C8FCF27994C6E000DAFBE /* PBXContainerItemProxy */;
		};
/* End PBXTargetDependency section */

/* Begin PBXVariantGroup section */
		150C8FB727994C6D000DAFBE /* Main.storyboard */ = {
			isa = PBXVariantGroup;
			children = (
				150C8FB827994C6D000DAFBE /* Base */,
				15C64C4727BE213E0088DD35 /* tr */,
			);
			name = Main.storyboard;
			sourceTree = "<group>";
		};
		150C8FBC27994C6E000DAFBE /* LaunchScreen.storyboard */ = {
			isa = PBXVariantGroup;
			children = (
				150C8FBD27994C6E000DAFBE /* Base */,
			);
			name = LaunchScreen.storyboard;
			sourceTree = "<group>";
		};
		1535676027BA81D0007346D4 /* Localizable.strings */ = {
			isa = PBXVariantGroup;
			children = (
				1535675F27BA81D0007346D4 /* en */,
				1535676127BA81D3007346D4 /* tr */,
			);
			name = Localizable.strings;
			sourceTree = "<group>";
		};
/* End PBXVariantGroup section */

/* Begin XCBuildConfiguration section */
		150C8FD627994C6E000DAFBE /* Debug */ = {
			isa = XCBuildConfiguration;
			buildSettings = {
				ALWAYS_SEARCH_USER_PATHS = NO;
				CLANG_ANALYZER_LOCALIZABILITY_NONLOCALIZED = YES;
				CLANG_ANALYZER_NONNULL = YES;
				CLANG_ANALYZER_NUMBER_OBJECT_CONVERSION = YES_AGGRESSIVE;
				CLANG_CXX_LANGUAGE_STANDARD = "gnu++17";
				CLANG_CXX_LIBRARY = "libc++";
				CLANG_ENABLE_MODULES = YES;
				CLANG_ENABLE_OBJC_ARC = YES;
				CLANG_ENABLE_OBJC_WEAK = YES;
				CLANG_WARN_BLOCK_CAPTURE_AUTORELEASING = YES;
				CLANG_WARN_BOOL_CONVERSION = YES;
				CLANG_WARN_COMMA = YES;
				CLANG_WARN_CONSTANT_CONVERSION = YES;
				CLANG_WARN_DEPRECATED_OBJC_IMPLEMENTATIONS = YES;
				CLANG_WARN_DIRECT_OBJC_ISA_USAGE = YES_ERROR;
				CLANG_WARN_DOCUMENTATION_COMMENTS = YES;
				CLANG_WARN_EMPTY_BODY = YES;
				CLANG_WARN_ENUM_CONVERSION = YES;
				CLANG_WARN_INFINITE_RECURSION = YES;
				CLANG_WARN_INT_CONVERSION = YES;
				CLANG_WARN_NON_LITERAL_NULL_CONVERSION = YES;
				CLANG_WARN_OBJC_IMPLICIT_RETAIN_SELF = YES;
				CLANG_WARN_OBJC_LITERAL_CONVERSION = YES;
				CLANG_WARN_OBJC_ROOT_CLASS = YES_ERROR;
				CLANG_WARN_QUOTED_INCLUDE_IN_FRAMEWORK_HEADER = YES;
				CLANG_WARN_RANGE_LOOP_ANALYSIS = YES;
				CLANG_WARN_STRICT_PROTOTYPES = YES;
				CLANG_WARN_SUSPICIOUS_MOVE = YES;
				CLANG_WARN_UNGUARDED_AVAILABILITY = YES_AGGRESSIVE;
				CLANG_WARN_UNREACHABLE_CODE = YES;
				CLANG_WARN__DUPLICATE_METHOD_MATCH = YES;
				COPY_PHASE_STRIP = NO;
				DEBUG_INFORMATION_FORMAT = dwarf;
				ENABLE_STRICT_OBJC_MSGSEND = YES;
				ENABLE_TESTABILITY = YES;
				GCC_C_LANGUAGE_STANDARD = gnu11;
				GCC_DYNAMIC_NO_PIC = NO;
				GCC_NO_COMMON_BLOCKS = YES;
				GCC_OPTIMIZATION_LEVEL = 0;
				GCC_PREPROCESSOR_DEFINITIONS = (
					"DEBUG=1",
					"$(inherited)",
				);
				GCC_WARN_64_TO_32_BIT_CONVERSION = YES;
				GCC_WARN_ABOUT_RETURN_TYPE = YES_ERROR;
				GCC_WARN_UNDECLARED_SELECTOR = YES;
				GCC_WARN_UNINITIALIZED_AUTOS = YES_AGGRESSIVE;
				GCC_WARN_UNUSED_FUNCTION = YES;
				GCC_WARN_UNUSED_VARIABLE = YES;
				IPHONEOS_DEPLOYMENT_TARGET = 15.2;
				MTL_ENABLE_DEBUG_INFO = INCLUDE_SOURCE;
				MTL_FAST_MATH = YES;
				ONLY_ACTIVE_ARCH = YES;
				SDKROOT = iphoneos;
				SWIFT_ACTIVE_COMPILATION_CONDITIONS = DEBUG;
				SWIFT_OPTIMIZATION_LEVEL = "-Onone";
			};
			name = Debug;
		};
		150C8FD727994C6E000DAFBE /* Release */ = {
			isa = XCBuildConfiguration;
			buildSettings = {
				ALWAYS_SEARCH_USER_PATHS = NO;
				CLANG_ANALYZER_LOCALIZABILITY_NONLOCALIZED = YES;
				CLANG_ANALYZER_NONNULL = YES;
				CLANG_ANALYZER_NUMBER_OBJECT_CONVERSION = YES_AGGRESSIVE;
				CLANG_CXX_LANGUAGE_STANDARD = "gnu++17";
				CLANG_CXX_LIBRARY = "libc++";
				CLANG_ENABLE_MODULES = YES;
				CLANG_ENABLE_OBJC_ARC = YES;
				CLANG_ENABLE_OBJC_WEAK = YES;
				CLANG_WARN_BLOCK_CAPTURE_AUTORELEASING = YES;
				CLANG_WARN_BOOL_CONVERSION = YES;
				CLANG_WARN_COMMA = YES;
				CLANG_WARN_CONSTANT_CONVERSION = YES;
				CLANG_WARN_DEPRECATED_OBJC_IMPLEMENTATIONS = YES;
				CLANG_WARN_DIRECT_OBJC_ISA_USAGE = YES_ERROR;
				CLANG_WARN_DOCUMENTATION_COMMENTS = YES;
				CLANG_WARN_EMPTY_BODY = YES;
				CLANG_WARN_ENUM_CONVERSION = YES;
				CLANG_WARN_INFINITE_RECURSION = YES;
				CLANG_WARN_INT_CONVERSION = YES;
				CLANG_WARN_NON_LITERAL_NULL_CONVERSION = YES;
				CLANG_WARN_OBJC_IMPLICIT_RETAIN_SELF = YES;
				CLANG_WARN_OBJC_LITERAL_CONVERSION = YES;
				CLANG_WARN_OBJC_ROOT_CLASS = YES_ERROR;
				CLANG_WARN_QUOTED_INCLUDE_IN_FRAMEWORK_HEADER = YES;
				CLANG_WARN_RANGE_LOOP_ANALYSIS = YES;
				CLANG_WARN_STRICT_PROTOTYPES = YES;
				CLANG_WARN_SUSPICIOUS_MOVE = YES;
				CLANG_WARN_UNGUARDED_AVAILABILITY = YES_AGGRESSIVE;
				CLANG_WARN_UNREACHABLE_CODE = YES;
				CLANG_WARN__DUPLICATE_METHOD_MATCH = YES;
				COPY_PHASE_STRIP = NO;
				DEBUG_INFORMATION_FORMAT = "dwarf-with-dsym";
				ENABLE_NS_ASSERTIONS = NO;
				ENABLE_STRICT_OBJC_MSGSEND = YES;
				GCC_C_LANGUAGE_STANDARD = gnu11;
				GCC_NO_COMMON_BLOCKS = YES;
				GCC_WARN_64_TO_32_BIT_CONVERSION = YES;
				GCC_WARN_ABOUT_RETURN_TYPE = YES_ERROR;
				GCC_WARN_UNDECLARED_SELECTOR = YES;
				GCC_WARN_UNINITIALIZED_AUTOS = YES_AGGRESSIVE;
				GCC_WARN_UNUSED_FUNCTION = YES;
				GCC_WARN_UNUSED_VARIABLE = YES;
				IPHONEOS_DEPLOYMENT_TARGET = 15.2;
				MTL_ENABLE_DEBUG_INFO = NO;
				MTL_FAST_MATH = YES;
				SDKROOT = iphoneos;
				SWIFT_COMPILATION_MODE = wholemodule;
				SWIFT_OPTIMIZATION_LEVEL = "-O";
				VALIDATE_PRODUCT = YES;
			};
			name = Release;
		};
		150C8FD927994C6E000DAFBE /* Debug */ = {
			isa = XCBuildConfiguration;
			buildSettings = {
				ASSETCATALOG_COMPILER_APPICON_NAME = AppIcon;
				ASSETCATALOG_COMPILER_GLOBAL_ACCENT_COLOR_NAME = AccentColor;
				CODE_SIGN_STYLE = Automatic;
				CURRENT_PROJECT_VERSION = 1;
				DEVELOPMENT_TEAM = 34WTB4U8S7;
				GENERATE_INFOPLIST_FILE = YES;
				INFOPLIST_FILE = Logoo/Info.plist;
				INFOPLIST_KEY_UIApplicationSupportsIndirectInputEvents = YES;
				INFOPLIST_KEY_UILaunchStoryboardName = LaunchScreen;
				INFOPLIST_KEY_UIMainStoryboardFile = Main;
				INFOPLIST_KEY_UISupportedInterfaceOrientations = UIInterfaceOrientationPortrait;
				INFOPLIST_KEY_UISupportedInterfaceOrientations_iPad = "UIInterfaceOrientationPortrait UIInterfaceOrientationPortraitUpsideDown UIInterfaceOrientationLandscapeLeft UIInterfaceOrientationLandscapeRight";
				INFOPLIST_KEY_UISupportedInterfaceOrientations_iPhone = "UIInterfaceOrientationPortrait UIInterfaceOrientationLandscapeLeft UIInterfaceOrientationLandscapeRight";
				IPHONEOS_DEPLOYMENT_TARGET = 15.2;
				LD_RUNPATH_SEARCH_PATHS = (
					"$(inherited)",
					"@executable_path/Frameworks",
				);
				MARKETING_VERSION = 1.0;
				PRODUCT_BUNDLE_IDENTIFIER = thicapps.Logoo;
				PRODUCT_NAME = "$(TARGET_NAME)";
				SWIFT_EMIT_LOC_STRINGS = YES;
				SWIFT_VERSION = 5.0;
				TARGETED_DEVICE_FAMILY = 1;
			};
			name = Debug;
		};
		150C8FDA27994C6E000DAFBE /* Release */ = {
			isa = XCBuildConfiguration;
			buildSettings = {
				ASSETCATALOG_COMPILER_APPICON_NAME = AppIcon;
				ASSETCATALOG_COMPILER_GLOBAL_ACCENT_COLOR_NAME = AccentColor;
				CODE_SIGN_STYLE = Automatic;
				CURRENT_PROJECT_VERSION = 1;
				DEVELOPMENT_TEAM = 34WTB4U8S7;
				GENERATE_INFOPLIST_FILE = YES;
				INFOPLIST_FILE = Logoo/Info.plist;
				INFOPLIST_KEY_UIApplicationSupportsIndirectInputEvents = YES;
				INFOPLIST_KEY_UILaunchStoryboardName = LaunchScreen;
				INFOPLIST_KEY_UIMainStoryboardFile = Main;
				INFOPLIST_KEY_UISupportedInterfaceOrientations = UIInterfaceOrientationPortrait;
				INFOPLIST_KEY_UISupportedInterfaceOrientations_iPad = "UIInterfaceOrientationPortrait UIInterfaceOrientationPortraitUpsideDown UIInterfaceOrientationLandscapeLeft UIInterfaceOrientationLandscapeRight";
				INFOPLIST_KEY_UISupportedInterfaceOrientations_iPhone = "UIInterfaceOrientationPortrait UIInterfaceOrientationLandscapeLeft UIInterfaceOrientationLandscapeRight";
				IPHONEOS_DEPLOYMENT_TARGET = 15.2;
				LD_RUNPATH_SEARCH_PATHS = (
					"$(inherited)",
					"@executable_path/Frameworks",
				);
				MARKETING_VERSION = 1.0;
				PRODUCT_BUNDLE_IDENTIFIER = thicapps.Logoo;
				PRODUCT_NAME = "$(TARGET_NAME)";
				SWIFT_EMIT_LOC_STRINGS = YES;
				SWIFT_VERSION = 5.0;
				TARGETED_DEVICE_FAMILY = 1;
			};
			name = Release;
		};
		150C8FDC27994C6E000DAFBE /* Debug */ = {
			isa = XCBuildConfiguration;
			buildSettings = {
				ALWAYS_EMBED_SWIFT_STANDARD_LIBRARIES = YES;
				BUNDLE_LOADER = "$(TEST_HOST)";
				CODE_SIGN_STYLE = Automatic;
				CURRENT_PROJECT_VERSION = 1;
				DEVELOPMENT_TEAM = 34WTB4U8S7;
				GENERATE_INFOPLIST_FILE = YES;
				IPHONEOS_DEPLOYMENT_TARGET = 15.2;
				MARKETING_VERSION = 1.0;
				PRODUCT_BUNDLE_IDENTIFIER = thicapps.LogooTests;
				PRODUCT_NAME = "$(TARGET_NAME)";
				SWIFT_EMIT_LOC_STRINGS = NO;
				SWIFT_VERSION = 5.0;
				TARGETED_DEVICE_FAMILY = "1,2";
				TEST_HOST = "$(BUILT_PRODUCTS_DIR)/Logoo.app/Logoo";
			};
			name = Debug;
		};
		150C8FDD27994C6E000DAFBE /* Release */ = {
			isa = XCBuildConfiguration;
			buildSettings = {
				ALWAYS_EMBED_SWIFT_STANDARD_LIBRARIES = YES;
				BUNDLE_LOADER = "$(TEST_HOST)";
				CODE_SIGN_STYLE = Automatic;
				CURRENT_PROJECT_VERSION = 1;
				DEVELOPMENT_TEAM = 34WTB4U8S7;
				GENERATE_INFOPLIST_FILE = YES;
				IPHONEOS_DEPLOYMENT_TARGET = 15.2;
				MARKETING_VERSION = 1.0;
				PRODUCT_BUNDLE_IDENTIFIER = thicapps.LogooTests;
				PRODUCT_NAME = "$(TARGET_NAME)";
				SWIFT_EMIT_LOC_STRINGS = NO;
				SWIFT_VERSION = 5.0;
				TARGETED_DEVICE_FAMILY = "1,2";
				TEST_HOST = "$(BUILT_PRODUCTS_DIR)/Logoo.app/Logoo";
			};
			name = Release;
		};
		150C8FDF27994C6E000DAFBE /* Debug */ = {
			isa = XCBuildConfiguration;
			buildSettings = {
				ALWAYS_EMBED_SWIFT_STANDARD_LIBRARIES = YES;
				CODE_SIGN_STYLE = Automatic;
				CURRENT_PROJECT_VERSION = 1;
				DEVELOPMENT_TEAM = 34WTB4U8S7;
				GENERATE_INFOPLIST_FILE = YES;
				MARKETING_VERSION = 1.0;
				PRODUCT_BUNDLE_IDENTIFIER = thicapps.LogooUITests;
				PRODUCT_NAME = "$(TARGET_NAME)";
				SWIFT_EMIT_LOC_STRINGS = NO;
				SWIFT_VERSION = 5.0;
				TARGETED_DEVICE_FAMILY = "1,2";
				TEST_TARGET_NAME = Logoo;
			};
			name = Debug;
		};
		150C8FE027994C6E000DAFBE /* Release */ = {
			isa = XCBuildConfiguration;
			buildSettings = {
				ALWAYS_EMBED_SWIFT_STANDARD_LIBRARIES = YES;
				CODE_SIGN_STYLE = Automatic;
				CURRENT_PROJECT_VERSION = 1;
				DEVELOPMENT_TEAM = 34WTB4U8S7;
				GENERATE_INFOPLIST_FILE = YES;
				MARKETING_VERSION = 1.0;
				PRODUCT_BUNDLE_IDENTIFIER = thicapps.LogooUITests;
				PRODUCT_NAME = "$(TARGET_NAME)";
				SWIFT_EMIT_LOC_STRINGS = NO;
				SWIFT_VERSION = 5.0;
				TARGETED_DEVICE_FAMILY = "1,2";
				TEST_TARGET_NAME = Logoo;
			};
			name = Release;
		};
/* End XCBuildConfiguration section */

/* Begin XCConfigurationList section */
		150C8FA927994C6D000DAFBE /* Build configuration list for PBXProject "Logoo" */ = {
			isa = XCConfigurationList;
			buildConfigurations = (
				150C8FD627994C6E000DAFBE /* Debug */,
				150C8FD727994C6E000DAFBE /* Release */,
			);
			defaultConfigurationIsVisible = 0;
			defaultConfigurationName = Release;
		};
		150C8FD827994C6E000DAFBE /* Build configuration list for PBXNativeTarget "Logoo" */ = {
			isa = XCConfigurationList;
			buildConfigurations = (
				150C8FD927994C6E000DAFBE /* Debug */,
				150C8FDA27994C6E000DAFBE /* Release */,
			);
			defaultConfigurationIsVisible = 0;
			defaultConfigurationName = Release;
		};
		150C8FDB27994C6E000DAFBE /* Build configuration list for PBXNativeTarget "LogooTests" */ = {
			isa = XCConfigurationList;
			buildConfigurations = (
				150C8FDC27994C6E000DAFBE /* Debug */,
				150C8FDD27994C6E000DAFBE /* Release */,
			);
			defaultConfigurationIsVisible = 0;
			defaultConfigurationName = Release;
		};
		150C8FDE27994C6E000DAFBE /* Build configuration list for PBXNativeTarget "LogooUITests" */ = {
			isa = XCConfigurationList;
			buildConfigurations = (
				150C8FDF27994C6E000DAFBE /* Debug */,
				150C8FE027994C6E000DAFBE /* Release */,
			);
			defaultConfigurationIsVisible = 0;
			defaultConfigurationName = Release;
		};
/* End XCConfigurationList section */

/* Begin XCRemoteSwiftPackageReference section */
		1535674727B792AE007346D4 /* XCRemoteSwiftPackageReference "M13Checkbox" */ = {
			isa = XCRemoteSwiftPackageReference;
			repositoryURL = "https://github.com/Marxon13/M13Checkbox.git";
			requirement = {
				kind = upToNextMajorVersion;
				minimumVersion = 3.0.0;
			};
		};
		156F043627B26DC300D37039 /* XCRemoteSwiftPackageReference "lottie-ios" */ = {
			isa = XCRemoteSwiftPackageReference;
			repositoryURL = "https://github.com/airbnb/lottie-ios.git";
			requirement = {
				kind = upToNextMajorVersion;
				minimumVersion = 3.0.0;
			};
		};
		156F043C27B39DBD00D37039 /* XCRemoteSwiftPackageReference "DeviceKit" */ = {
			isa = XCRemoteSwiftPackageReference;
			repositoryURL = "https://github.com/devicekit/DeviceKit.git";
			requirement = {
				kind = upToNextMajorVersion;
				minimumVersion = 4.0.0;
			};
		};
		15A5B41527C69A200082029E /* XCRemoteSwiftPackageReference "Kingfisher" */ = {
			isa = XCRemoteSwiftPackageReference;
			repositoryURL = "https://github.com/onevcat/Kingfisher.git";
			requirement = {
				kind = upToNextMajorVersion;
				minimumVersion = 7.0.0;
			};
		};
		15AE073727C93AAA0012A81C /* XCRemoteSwiftPackageReference "Runtime" */ = {
			isa = XCRemoteSwiftPackageReference;
			repositoryURL = "https://github.com/wickwirew/Runtime.git";
			requirement = {
				kind = upToNextMajorVersion;
				minimumVersion = 2.0.0;
			};
		};
		15AE073A27C9449B0012A81C /* XCRemoteSwiftPackageReference "firebase-ios-sdk" */ = {
			isa = XCRemoteSwiftPackageReference;
			repositoryURL = "https://github.com/firebase/firebase-ios-sdk";
			requirement = {
				kind = upToNextMajorVersion;
				minimumVersion = 8.0.0;
			};
		};
/* End XCRemoteSwiftPackageReference section */

/* Begin XCSwiftPackageProductDependency section */
		1535674827B792AE007346D4 /* M13Checkbox */ = {
			isa = XCSwiftPackageProductDependency;
			package = 1535674727B792AE007346D4 /* XCRemoteSwiftPackageReference "M13Checkbox" */;
			productName = M13Checkbox;
		};
		156F043727B26DC300D37039 /* Lottie */ = {
			isa = XCSwiftPackageProductDependency;
			package = 156F043627B26DC300D37039 /* XCRemoteSwiftPackageReference "lottie-ios" */;
			productName = Lottie;
		};
		156F043D27B39DBD00D37039 /* DeviceKit */ = {
			isa = XCSwiftPackageProductDependency;
			package = 156F043C27B39DBD00D37039 /* XCRemoteSwiftPackageReference "DeviceKit" */;
			productName = DeviceKit;
		};
		15A5B41627C69A200082029E /* Kingfisher */ = {
			isa = XCSwiftPackageProductDependency;
			package = 15A5B41527C69A200082029E /* XCRemoteSwiftPackageReference "Kingfisher" */;
			productName = Kingfisher;
		};
		15AE073827C93AAB0012A81C /* Runtime */ = {
			isa = XCSwiftPackageProductDependency;
			package = 15AE073727C93AAA0012A81C /* XCRemoteSwiftPackageReference "Runtime" */;
			productName = Runtime;
		};
		15AE073B27C9449B0012A81C /* FirebaseAuth */ = {
			isa = XCSwiftPackageProductDependency;
			package = 15AE073A27C9449B0012A81C /* XCRemoteSwiftPackageReference "firebase-ios-sdk" */;
			productName = FirebaseAuth;
		};
		15AE073D27C9449B0012A81C /* FirebaseFirestore */ = {
			isa = XCSwiftPackageProductDependency;
			package = 15AE073A27C9449B0012A81C /* XCRemoteSwiftPackageReference "firebase-ios-sdk" */;
			productName = FirebaseFirestore;
		};
		15AE073F27C9449B0012A81C /* FirebaseFirestoreSwift-Beta */ = {
			isa = XCSwiftPackageProductDependency;
			package = 15AE073A27C9449B0012A81C /* XCRemoteSwiftPackageReference "firebase-ios-sdk" */;
			productName = "FirebaseFirestoreSwift-Beta";
		};
		15AE074127C9449B0012A81C /* FirebaseStorage */ = {
			isa = XCSwiftPackageProductDependency;
			package = 15AE073A27C9449B0012A81C /* XCRemoteSwiftPackageReference "firebase-ios-sdk" */;
			productName = FirebaseStorage;
		};
		15C64C5F27BE518A0088DD35 /* GoogleSignIn */ = {
			isa = XCSwiftPackageProductDependency;
			productName = GoogleSignIn;
		};
/* End XCSwiftPackageProductDependency section */
	};
	rootObject = 150C8FA627994C6D000DAFBE /* Project object */;
}
