// !$*UTF8*$!
{
	archiveVersion = 1;
	classes = {
	};
	objectVersion = 55;
	objects = {

/* Begin PBXBuildFile section */
		15064F4F279D492A00460334 /* User.swift in Sources */ = {isa = PBXBuildFile; fileRef = 15064F4E279D492A00460334 /* User.swift */; };
		15064F56279D4B5400460334 /* DiscorveryProtocols.swift in Sources */ = {isa = PBXBuildFile; fileRef = 15064F55279D4B5400460334 /* DiscorveryProtocols.swift */; };
		15064F58279D4CD800460334 /* DiscoveryInteractor.swift in Sources */ = {isa = PBXBuildFile; fileRef = 15064F57279D4CD800460334 /* DiscoveryInteractor.swift */; };
		15064F5A279D4D3700460334 /* DiscoveryPresenter.swift in Sources */ = {isa = PBXBuildFile; fileRef = 15064F59279D4D3700460334 /* DiscoveryPresenter.swift */; };
		15064F5C279D4D9100460334 /* DiscoveryRouter.swift in Sources */ = {isa = PBXBuildFile; fileRef = 15064F5B279D4D9100460334 /* DiscoveryRouter.swift */; };
		15064F5F279D50DD00460334 /* DiscoveryTableViewCell.swift in Sources */ = {isa = PBXBuildFile; fileRef = 15064F5E279D50DD00460334 /* DiscoveryTableViewCell.swift */; };
		15064F62279D50FD00460334 /* DiscoveryCollectionViewCell.swift in Sources */ = {isa = PBXBuildFile; fileRef = 15064F61279D50FD00460334 /* DiscoveryCollectionViewCell.swift */; };
		150C8FB227994C6D000DAFBE /* AppDelegate.swift in Sources */ = {isa = PBXBuildFile; fileRef = 150C8FB127994C6D000DAFBE /* AppDelegate.swift */; };
		150C8FB427994C6D000DAFBE /* SceneDelegate.swift in Sources */ = {isa = PBXBuildFile; fileRef = 150C8FB327994C6D000DAFBE /* SceneDelegate.swift */; };
		150C8FB927994C6D000DAFBE /* Main.storyboard in Resources */ = {isa = PBXBuildFile; fileRef = 150C8FB727994C6D000DAFBE /* Main.storyboard */; };
		150C8FBB27994C6E000DAFBE /* Assets.xcassets in Resources */ = {isa = PBXBuildFile; fileRef = 150C8FBA27994C6E000DAFBE /* Assets.xcassets */; };
		150C8FBE27994C6E000DAFBE /* LaunchScreen.storyboard in Resources */ = {isa = PBXBuildFile; fileRef = 150C8FBC27994C6E000DAFBE /* LaunchScreen.storyboard */; };
		150C8FC927994C6E000DAFBE /* LogooTests.swift in Sources */ = {isa = PBXBuildFile; fileRef = 150C8FC827994C6E000DAFBE /* LogooTests.swift */; };
		150C8FD327994C6E000DAFBE /* LogooUITests.swift in Sources */ = {isa = PBXBuildFile; fileRef = 150C8FD227994C6E000DAFBE /* LogooUITests.swift */; };
		150C8FD527994C6E000DAFBE /* LogooUITestsLaunchTests.swift in Sources */ = {isa = PBXBuildFile; fileRef = 150C8FD427994C6E000DAFBE /* LogooUITestsLaunchTests.swift */; };
		150C8FE227994D12000DAFBE /* WelcomeVC.swift in Sources */ = {isa = PBXBuildFile; fileRef = 150C8FE127994D12000DAFBE /* WelcomeVC.swift */; };
		150C8FEB2799506E000DAFBE /* UDService.swift in Sources */ = {isa = PBXBuildFile; fileRef = 150C8FEA2799506E000DAFBE /* UDService.swift */; };
		150C8FED27995090000DAFBE /* UDProtocol.swift in Sources */ = {isa = PBXBuildFile; fileRef = 150C8FEC27995090000DAFBE /* UDProtocol.swift */; };
		150C8FEF2799521F000DAFBE /* Constants.swift in Sources */ = {isa = PBXBuildFile; fileRef = 150C8FEE2799521F000DAFBE /* Constants.swift */; };
		150C8FF327995774000DAFBE /* OnBoardVC.swift in Sources */ = {isa = PBXBuildFile; fileRef = 150C8FF227995774000DAFBE /* OnBoardVC.swift */; };
		150C8FF527995FFD000DAFBE /* OnBoardCollectionCell.swift in Sources */ = {isa = PBXBuildFile; fileRef = 150C8FF427995FFD000DAFBE /* OnBoardCollectionCell.swift */; };
		150C8FF82799615E000DAFBE /* OnBoard.swift in Sources */ = {isa = PBXBuildFile; fileRef = 150C8FF72799615E000DAFBE /* OnBoard.swift */; };
		150C8FFE27996582000DAFBE /* OnBoardProtocols.swift in Sources */ = {isa = PBXBuildFile; fileRef = 150C8FFD27996582000DAFBE /* OnBoardProtocols.swift */; };
		150C9000279966EA000DAFBE /* OnBoardInteractor.swift in Sources */ = {isa = PBXBuildFile; fileRef = 150C8FFF279966EA000DAFBE /* OnBoardInteractor.swift */; };
		150C90022799672A000DAFBE /* OnBoardPresenter.swift in Sources */ = {isa = PBXBuildFile; fileRef = 150C90012799672A000DAFBE /* OnBoardPresenter.swift */; };
		150C9004279967FB000DAFBE /* OnBoardRouter.swift in Sources */ = {isa = PBXBuildFile; fileRef = 150C9003279967FA000DAFBE /* OnBoardRouter.swift */; };
		1517AF89279E968D00D1194E /* Hobby.swift in Sources */ = {isa = PBXBuildFile; fileRef = 1517AF88279E968D00D1194E /* Hobby.swift */; };
		1517AF8B279E9AAA00D1194E /* Util.swift in Sources */ = {isa = PBXBuildFile; fileRef = 1517AF8A279E9AAA00D1194E /* Util.swift */; };
		1517AF94279EBCD900D1194E /* ChatVC.swift in Sources */ = {isa = PBXBuildFile; fileRef = 1517AF93279EBCD900D1194E /* ChatVC.swift */; };
		1517AF96279EBD4D00D1194E /* ChatProtocols.swift in Sources */ = {isa = PBXBuildFile; fileRef = 1517AF95279EBD4D00D1194E /* ChatProtocols.swift */; };
		153EA961279FF4B300871246 /* ChatRequest.swift in Sources */ = {isa = PBXBuildFile; fileRef = 153EA960279FF4B300871246 /* ChatRequest.swift */; };
		153EA964279FF63800871246 /* Room.swift in Sources */ = {isa = PBXBuildFile; fileRef = 153EA963279FF63800871246 /* Room.swift */; };
		153EA966279FF88000871246 /* P2P.swift in Sources */ = {isa = PBXBuildFile; fileRef = 153EA965279FF88000871246 /* P2P.swift */; };
		153EA968279FF97400871246 /* RoomMessage.swift in Sources */ = {isa = PBXBuildFile; fileRef = 153EA967279FF97400871246 /* RoomMessage.swift */; };
		153EA96B279FFA2E00871246 /* RequestType.swift in Sources */ = {isa = PBXBuildFile; fileRef = 153EA96A279FFA2E00871246 /* RequestType.swift */; };
		153EA96D279FFA5800871246 /* MessageType.swift in Sources */ = {isa = PBXBuildFile; fileRef = 153EA96C279FFA5800871246 /* MessageType.swift */; };
		153EA96F279FFBA900871246 /* P2PMessage.swift in Sources */ = {isa = PBXBuildFile; fileRef = 153EA96E279FFBA900871246 /* P2PMessage.swift */; };
		153EA971279FFDC900871246 /* ChatRouter.swift in Sources */ = {isa = PBXBuildFile; fileRef = 153EA970279FFDC900871246 /* ChatRouter.swift */; };
		153EA973279FFDE000871246 /* ChatInteractor.swift in Sources */ = {isa = PBXBuildFile; fileRef = 153EA972279FFDE000871246 /* ChatInteractor.swift */; };
		153EA975279FFE1100871246 /* ChatPresenter.swift in Sources */ = {isa = PBXBuildFile; fileRef = 153EA974279FFE1100871246 /* ChatPresenter.swift */; };
		153EA97827A0007B00871246 /* WaitingRequestCollectionViewCell.swift in Sources */ = {isa = PBXBuildFile; fileRef = 153EA97727A0007B00871246 /* WaitingRequestCollectionViewCell.swift */; };
		153EA97A27A0008D00871246 /* InboxCollectionViewCell.swift in Sources */ = {isa = PBXBuildFile; fileRef = 153EA97927A0008D00871246 /* InboxCollectionViewCell.swift */; };
		153EA97C27A0076000871246 /* ChatType.swift in Sources */ = {isa = PBXBuildFile; fileRef = 153EA97B27A0076000871246 /* ChatType.swift */; };
		153EA98127A0468500871246 /* LoginVC.swift in Sources */ = {isa = PBXBuildFile; fileRef = 153EA98027A0468500871246 /* LoginVC.swift */; };
		153EA98427A04B8900871246 /* CHIOTPField in Frameworks */ = {isa = PBXBuildFile; productRef = 153EA98327A04B8900871246 /* CHIOTPField */; };
		15983C0327997C1B00903073 /* LoginPrefVC.swift in Sources */ = {isa = PBXBuildFile; fileRef = 15983C0227997C1B00903073 /* LoginPrefVC.swift */; };
		15983C062799954500903073 /* RegisterVC.swift in Sources */ = {isa = PBXBuildFile; fileRef = 15983C052799954500903073 /* RegisterVC.swift */; };
		15983C092799994700903073 /* RegisterPhotoPickCell.swift in Sources */ = {isa = PBXBuildFile; fileRef = 15983C082799994700903073 /* RegisterPhotoPickCell.swift */; };
		15983C0B2799996000903073 /* RegisterInformationCell.swift in Sources */ = {isa = PBXBuildFile; fileRef = 15983C0A2799996000903073 /* RegisterInformationCell.swift */; };
		15983C0D2799997300903073 /* RegisterOTPCell.swift in Sources */ = {isa = PBXBuildFile; fileRef = 15983C0C2799997300903073 /* RegisterOTPCell.swift */; };
		159C3BD0279C0EA0001B9607 /* RegisterProtocols.swift in Sources */ = {isa = PBXBuildFile; fileRef = 159C3BCF279C0EA0001B9607 /* RegisterProtocols.swift */; };
		159C3BD3279C110F001B9607 /* ValidationResponse.swift in Sources */ = {isa = PBXBuildFile; fileRef = 159C3BD2279C110F001B9607 /* ValidationResponse.swift */; };
		159C3BDC279C5D92001B9607 /* DiscoverVC.swift in Sources */ = {isa = PBXBuildFile; fileRef = 159C3BDB279C5D92001B9607 /* DiscoverVC.swift */; };
		159C3BDF279C5DAA001B9607 /* GlobalVC.swift in Sources */ = {isa = PBXBuildFile; fileRef = 159C3BDE279C5DAA001B9607 /* GlobalVC.swift */; };
/* End PBXBuildFile section */

/* Begin PBXContainerItemProxy section */
		150C8FC527994C6E000DAFBE /* PBXContainerItemProxy */ = {
			isa = PBXContainerItemProxy;
			containerPortal = 150C8FA627994C6D000DAFBE /* Project object */;
			proxyType = 1;
			remoteGlobalIDString = 150C8FAD27994C6D000DAFBE;
			remoteInfo = Logoo;
		};
		150C8FCF27994C6E000DAFBE /* PBXContainerItemProxy */ = {
			isa = PBXContainerItemProxy;
			containerPortal = 150C8FA627994C6D000DAFBE /* Project object */;
			proxyType = 1;
			remoteGlobalIDString = 150C8FAD27994C6D000DAFBE;
			remoteInfo = Logoo;
		};
/* End PBXContainerItemProxy section */

/* Begin PBXFileReference section */
		15064F4E279D492A00460334 /* User.swift */ = {isa = PBXFileReference; lastKnownFileType = sourcecode.swift; path = User.swift; sourceTree = "<group>"; };
		15064F55279D4B5400460334 /* DiscorveryProtocols.swift */ = {isa = PBXFileReference; lastKnownFileType = sourcecode.swift; path = DiscorveryProtocols.swift; sourceTree = "<group>"; };
		15064F57279D4CD800460334 /* DiscoveryInteractor.swift */ = {isa = PBXFileReference; lastKnownFileType = sourcecode.swift; path = DiscoveryInteractor.swift; sourceTree = "<group>"; };
		15064F59279D4D3700460334 /* DiscoveryPresenter.swift */ = {isa = PBXFileReference; lastKnownFileType = sourcecode.swift; path = DiscoveryPresenter.swift; sourceTree = "<group>"; };
		15064F5B279D4D9100460334 /* DiscoveryRouter.swift */ = {isa = PBXFileReference; lastKnownFileType = sourcecode.swift; path = DiscoveryRouter.swift; sourceTree = "<group>"; };
		15064F5E279D50DD00460334 /* DiscoveryTableViewCell.swift */ = {isa = PBXFileReference; lastKnownFileType = sourcecode.swift; path = DiscoveryTableViewCell.swift; sourceTree = "<group>"; };
		15064F61279D50FD00460334 /* DiscoveryCollectionViewCell.swift */ = {isa = PBXFileReference; lastKnownFileType = sourcecode.swift; path = DiscoveryCollectionViewCell.swift; sourceTree = "<group>"; };
		150C8FAE27994C6D000DAFBE /* Logoo.app */ = {isa = PBXFileReference; explicitFileType = wrapper.application; includeInIndex = 0; path = Logoo.app; sourceTree = BUILT_PRODUCTS_DIR; };
		150C8FB127994C6D000DAFBE /* AppDelegate.swift */ = {isa = PBXFileReference; lastKnownFileType = sourcecode.swift; path = AppDelegate.swift; sourceTree = "<group>"; };
		150C8FB327994C6D000DAFBE /* SceneDelegate.swift */ = {isa = PBXFileReference; lastKnownFileType = sourcecode.swift; path = SceneDelegate.swift; sourceTree = "<group>"; };
		150C8FB827994C6D000DAFBE /* Base */ = {isa = PBXFileReference; lastKnownFileType = file.storyboard; name = Base; path = Base.lproj/Main.storyboard; sourceTree = "<group>"; };
		150C8FBA27994C6E000DAFBE /* Assets.xcassets */ = {isa = PBXFileReference; lastKnownFileType = folder.assetcatalog; path = Assets.xcassets; sourceTree = "<group>"; };
		150C8FBD27994C6E000DAFBE /* Base */ = {isa = PBXFileReference; lastKnownFileType = file.storyboard; name = Base; path = Base.lproj/LaunchScreen.storyboard; sourceTree = "<group>"; };
		150C8FBF27994C6E000DAFBE /* Info.plist */ = {isa = PBXFileReference; lastKnownFileType = text.plist.xml; path = Info.plist; sourceTree = "<group>"; };
		150C8FC427994C6E000DAFBE /* LogooTests.xctest */ = {isa = PBXFileReference; explicitFileType = wrapper.cfbundle; includeInIndex = 0; path = LogooTests.xctest; sourceTree = BUILT_PRODUCTS_DIR; };
		150C8FC827994C6E000DAFBE /* LogooTests.swift */ = {isa = PBXFileReference; lastKnownFileType = sourcecode.swift; path = LogooTests.swift; sourceTree = "<group>"; };
		150C8FCE27994C6E000DAFBE /* LogooUITests.xctest */ = {isa = PBXFileReference; explicitFileType = wrapper.cfbundle; includeInIndex = 0; path = LogooUITests.xctest; sourceTree = BUILT_PRODUCTS_DIR; };
		150C8FD227994C6E000DAFBE /* LogooUITests.swift */ = {isa = PBXFileReference; lastKnownFileType = sourcecode.swift; path = LogooUITests.swift; sourceTree = "<group>"; };
		150C8FD427994C6E000DAFBE /* LogooUITestsLaunchTests.swift */ = {isa = PBXFileReference; lastKnownFileType = sourcecode.swift; path = LogooUITestsLaunchTests.swift; sourceTree = "<group>"; };
		150C8FE127994D12000DAFBE /* WelcomeVC.swift */ = {isa = PBXFileReference; lastKnownFileType = sourcecode.swift; path = WelcomeVC.swift; sourceTree = "<group>"; };
		150C8FEA2799506E000DAFBE /* UDService.swift */ = {isa = PBXFileReference; lastKnownFileType = sourcecode.swift; path = UDService.swift; sourceTree = "<group>"; };
		150C8FEC27995090000DAFBE /* UDProtocol.swift */ = {isa = PBXFileReference; lastKnownFileType = sourcecode.swift; path = UDProtocol.swift; sourceTree = "<group>"; };
		150C8FEE2799521F000DAFBE /* Constants.swift */ = {isa = PBXFileReference; lastKnownFileType = sourcecode.swift; path = Constants.swift; sourceTree = "<group>"; };
		150C8FF227995774000DAFBE /* OnBoardVC.swift */ = {isa = PBXFileReference; lastKnownFileType = sourcecode.swift; path = OnBoardVC.swift; sourceTree = "<group>"; };
		150C8FF427995FFD000DAFBE /* OnBoardCollectionCell.swift */ = {isa = PBXFileReference; lastKnownFileType = sourcecode.swift; path = OnBoardCollectionCell.swift; sourceTree = "<group>"; };
		150C8FF72799615E000DAFBE /* OnBoard.swift */ = {isa = PBXFileReference; lastKnownFileType = sourcecode.swift; path = OnBoard.swift; sourceTree = "<group>"; };
		150C8FFD27996582000DAFBE /* OnBoardProtocols.swift */ = {isa = PBXFileReference; lastKnownFileType = sourcecode.swift; path = OnBoardProtocols.swift; sourceTree = "<group>"; };
		150C8FFF279966EA000DAFBE /* OnBoardInteractor.swift */ = {isa = PBXFileReference; lastKnownFileType = sourcecode.swift; path = OnBoardInteractor.swift; sourceTree = "<group>"; };
		150C90012799672A000DAFBE /* OnBoardPresenter.swift */ = {isa = PBXFileReference; lastKnownFileType = sourcecode.swift; path = OnBoardPresenter.swift; sourceTree = "<group>"; };
		150C9003279967FA000DAFBE /* OnBoardRouter.swift */ = {isa = PBXFileReference; lastKnownFileType = sourcecode.swift; path = OnBoardRouter.swift; sourceTree = "<group>"; };
		1517AF88279E968D00D1194E /* Hobby.swift */ = {isa = PBXFileReference; lastKnownFileType = sourcecode.swift; path = Hobby.swift; sourceTree = "<group>"; };
		1517AF8A279E9AAA00D1194E /* Util.swift */ = {isa = PBXFileReference; lastKnownFileType = sourcecode.swift; path = Util.swift; sourceTree = "<group>"; };
		1517AF93279EBCD900D1194E /* ChatVC.swift */ = {isa = PBXFileReference; lastKnownFileType = sourcecode.swift; path = ChatVC.swift; sourceTree = "<group>"; };
		1517AF95279EBD4D00D1194E /* ChatProtocols.swift */ = {isa = PBXFileReference; lastKnownFileType = sourcecode.swift; path = ChatProtocols.swift; sourceTree = "<group>"; };
		153EA960279FF4B300871246 /* ChatRequest.swift */ = {isa = PBXFileReference; lastKnownFileType = sourcecode.swift; path = ChatRequest.swift; sourceTree = "<group>"; };
		153EA963279FF63800871246 /* Room.swift */ = {isa = PBXFileReference; lastKnownFileType = sourcecode.swift; path = Room.swift; sourceTree = "<group>"; };
		153EA965279FF88000871246 /* P2P.swift */ = {isa = PBXFileReference; lastKnownFileType = sourcecode.swift; path = P2P.swift; sourceTree = "<group>"; };
		153EA967279FF97400871246 /* RoomMessage.swift */ = {isa = PBXFileReference; lastKnownFileType = sourcecode.swift; path = RoomMessage.swift; sourceTree = "<group>"; };
		153EA96A279FFA2E00871246 /* RequestType.swift */ = {isa = PBXFileReference; lastKnownFileType = sourcecode.swift; path = RequestType.swift; sourceTree = "<group>"; };
		153EA96C279FFA5800871246 /* MessageType.swift */ = {isa = PBXFileReference; lastKnownFileType = sourcecode.swift; path = MessageType.swift; sourceTree = "<group>"; };
		153EA96E279FFBA900871246 /* P2PMessage.swift */ = {isa = PBXFileReference; lastKnownFileType = sourcecode.swift; path = P2PMessage.swift; sourceTree = "<group>"; };
		153EA970279FFDC900871246 /* ChatRouter.swift */ = {isa = PBXFileReference; lastKnownFileType = sourcecode.swift; path = ChatRouter.swift; sourceTree = "<group>"; };
		153EA972279FFDE000871246 /* ChatInteractor.swift */ = {isa = PBXFileReference; lastKnownFileType = sourcecode.swift; path = ChatInteractor.swift; sourceTree = "<group>"; };
		153EA974279FFE1100871246 /* ChatPresenter.swift */ = {isa = PBXFileReference; lastKnownFileType = sourcecode.swift; path = ChatPresenter.swift; sourceTree = "<group>"; };
		153EA97727A0007B00871246 /* WaitingRequestCollectionViewCell.swift */ = {isa = PBXFileReference; lastKnownFileType = sourcecode.swift; path = WaitingRequestCollectionViewCell.swift; sourceTree = "<group>"; };
		153EA97927A0008D00871246 /* InboxCollectionViewCell.swift */ = {isa = PBXFileReference; lastKnownFileType = sourcecode.swift; path = InboxCollectionViewCell.swift; sourceTree = "<group>"; };
		153EA97B27A0076000871246 /* ChatType.swift */ = {isa = PBXFileReference; lastKnownFileType = sourcecode.swift; path = ChatType.swift; sourceTree = "<group>"; };
		153EA98027A0468500871246 /* LoginVC.swift */ = {isa = PBXFileReference; lastKnownFileType = sourcecode.swift; path = LoginVC.swift; sourceTree = "<group>"; };
		15983C0227997C1B00903073 /* LoginPrefVC.swift */ = {isa = PBXFileReference; lastKnownFileType = sourcecode.swift; path = LoginPrefVC.swift; sourceTree = "<group>"; };
		15983C052799954500903073 /* RegisterVC.swift */ = {isa = PBXFileReference; lastKnownFileType = sourcecode.swift; path = RegisterVC.swift; sourceTree = "<group>"; };
		15983C082799994700903073 /* RegisterPhotoPickCell.swift */ = {isa = PBXFileReference; lastKnownFileType = sourcecode.swift; path = RegisterPhotoPickCell.swift; sourceTree = "<group>"; };
		15983C0A2799996000903073 /* RegisterInformationCell.swift */ = {isa = PBXFileReference; lastKnownFileType = sourcecode.swift; path = RegisterInformationCell.swift; sourceTree = "<group>"; };
		15983C0C2799997300903073 /* RegisterOTPCell.swift */ = {isa = PBXFileReference; lastKnownFileType = sourcecode.swift; path = RegisterOTPCell.swift; sourceTree = "<group>"; };
		159C3BCF279C0EA0001B9607 /* RegisterProtocols.swift */ = {isa = PBXFileReference; lastKnownFileType = sourcecode.swift; path = RegisterProtocols.swift; sourceTree = "<group>"; };
		159C3BD2279C110F001B9607 /* ValidationResponse.swift */ = {isa = PBXFileReference; lastKnownFileType = sourcecode.swift; path = ValidationResponse.swift; sourceTree = "<group>"; };
		159C3BDB279C5D92001B9607 /* DiscoverVC.swift */ = {isa = PBXFileReference; lastKnownFileType = sourcecode.swift; path = DiscoverVC.swift; sourceTree = "<group>"; };
		159C3BDE279C5DAA001B9607 /* GlobalVC.swift */ = {isa = PBXFileReference; lastKnownFileType = sourcecode.swift; path = GlobalVC.swift; sourceTree = "<group>"; };
/* End PBXFileReference section */

/* Begin PBXFrameworksBuildPhase section */
		150C8FAB27994C6D000DAFBE /* Frameworks */ = {
			isa = PBXFrameworksBuildPhase;
			buildActionMask = 2147483647;
			files = (
				153EA98427A04B8900871246 /* CHIOTPField in Frameworks */,
			);
			runOnlyForDeploymentPostprocessing = 0;
		};
		150C8FC127994C6E000DAFBE /* Frameworks */ = {
			isa = PBXFrameworksBuildPhase;
			buildActionMask = 2147483647;
			files = (
			);
			runOnlyForDeploymentPostprocessing = 0;
		};
		150C8FCB27994C6E000DAFBE /* Frameworks */ = {
			isa = PBXFrameworksBuildPhase;
			buildActionMask = 2147483647;
			files = (
			);
			runOnlyForDeploymentPostprocessing = 0;
		};
/* End PBXFrameworksBuildPhase section */

/* Begin PBXGroup section */
		15064F4C279D490E00460334 /* profile-module */ = {
			isa = PBXGroup;
			children = (
				15064F4D279D491900460334 /* entity */,
			);
			path = "profile-module";
			sourceTree = "<group>";
		};
		15064F4D279D491900460334 /* entity */ = {
			isa = PBXGroup;
			children = (
				15064F4E279D492A00460334 /* User.swift */,
				1517AF88279E968D00D1194E /* Hobby.swift */,
			);
			path = entity;
			sourceTree = "<group>";
		};
		15064F50279D4AE900460334 /* interactor */ = {
			isa = PBXGroup;
			children = (
				15064F57279D4CD800460334 /* DiscoveryInteractor.swift */,
			);
			path = interactor;
			sourceTree = "<group>";
		};
		15064F51279D4AF100460334 /* presenter */ = {
			isa = PBXGroup;
			children = (
				15064F59279D4D3700460334 /* DiscoveryPresenter.swift */,
			);
			path = presenter;
			sourceTree = "<group>";
		};
		15064F52279D4AF900460334 /* entity */ = {
			isa = PBXGroup;
			children = (
			);
			path = entity;
			sourceTree = "<group>";
		};
		15064F53279D4AFF00460334 /* router */ = {
			isa = PBXGroup;
			children = (
				15064F5B279D4D9100460334 /* DiscoveryRouter.swift */,
			);
			path = router;
			sourceTree = "<group>";
		};
		15064F54279D4B0800460334 /* protocol */ = {
			isa = PBXGroup;
			children = (
				15064F55279D4B5400460334 /* DiscorveryProtocols.swift */,
			);
			path = protocol;
			sourceTree = "<group>";
		};
		15064F5D279D50BA00460334 /* tableview */ = {
			isa = PBXGroup;
			children = (
				15064F5E279D50DD00460334 /* DiscoveryTableViewCell.swift */,
			);
			path = tableview;
			sourceTree = "<group>";
		};
		15064F60279D50E700460334 /* collectionview */ = {
			isa = PBXGroup;
			children = (
				15064F61279D50FD00460334 /* DiscoveryCollectionViewCell.swift */,
			);
			path = collectionview;
			sourceTree = "<group>";
		};
		150C8FA527994C6D000DAFBE = {
			isa = PBXGroup;
			children = (
				150C8FB027994C6D000DAFBE /* Logoo */,
				150C8FC727994C6E000DAFBE /* LogooTests */,
				150C8FD127994C6E000DAFBE /* LogooUITests */,
				150C8FAF27994C6D000DAFBE /* Products */,
			);
			sourceTree = "<group>";
		};
		150C8FAF27994C6D000DAFBE /* Products */ = {
			isa = PBXGroup;
			children = (
				150C8FAE27994C6D000DAFBE /* Logoo.app */,
				150C8FC427994C6E000DAFBE /* LogooTests.xctest */,
				150C8FCE27994C6E000DAFBE /* LogooUITests.xctest */,
			);
			name = Products;
			sourceTree = "<group>";
		};
		150C8FB027994C6D000DAFBE /* Logoo */ = {
			isa = PBXGroup;
			children = (
				1517AF8C279EBC5700D1194E /* chat-module */,
				15064F4C279D490E00460334 /* profile-module */,
				159C3BD6279C5CD5001B9607 /* global-module */,
				159C3BD5279C5CC6001B9607 /* discover-module */,
				150C8FE827994EBB000DAFBE /* register-module */,
				150C8FE727994EB0000DAFBE /* login-module */,
				150C8FE627994E93000DAFBE /* login-pref-module */,
				150C8FE427994DD9000DAFBE /* service */,
				150C8FE327994DC0000DAFBE /* welcome-module */,
				150C8FE527994E62000DAFBE /* onboard-module */,
				150C8FB127994C6D000DAFBE /* AppDelegate.swift */,
				150C8FB327994C6D000DAFBE /* SceneDelegate.swift */,
				150C8FB727994C6D000DAFBE /* Main.storyboard */,
				150C8FBA27994C6E000DAFBE /* Assets.xcassets */,
				150C8FBC27994C6E000DAFBE /* LaunchScreen.storyboard */,
				150C8FBF27994C6E000DAFBE /* Info.plist */,
				1517AF8A279E9AAA00D1194E /* Util.swift */,
			);
			path = Logoo;
			sourceTree = "<group>";
		};
		150C8FC727994C6E000DAFBE /* LogooTests */ = {
			isa = PBXGroup;
			children = (
				150C8FC827994C6E000DAFBE /* LogooTests.swift */,
			);
			path = LogooTests;
			sourceTree = "<group>";
		};
		150C8FD127994C6E000DAFBE /* LogooUITests */ = {
			isa = PBXGroup;
			children = (
				150C8FD227994C6E000DAFBE /* LogooUITests.swift */,
				150C8FD427994C6E000DAFBE /* LogooUITestsLaunchTests.swift */,
			);
			path = LogooUITests;
			sourceTree = "<group>";
		};
		150C8FE327994DC0000DAFBE /* welcome-module */ = {
			isa = PBXGroup;
			children = (
				150C8FF027995737000DAFBE /* view */,
			);
			path = "welcome-module";
			sourceTree = "<group>";
		};
		150C8FE427994DD9000DAFBE /* service */ = {
			isa = PBXGroup;
			children = (
				150C8FE927995044000DAFBE /* userdefault */,
				150C8FEE2799521F000DAFBE /* Constants.swift */,
			);
			path = service;
			sourceTree = "<group>";
		};
		150C8FE527994E62000DAFBE /* onboard-module */ = {
			isa = PBXGroup;
			children = (
				150C8FF12799574E000DAFBE /* view */,
				150C8FF92799652E000DAFBE /* interactor */,
				150C8FFC2799654C000DAFBE /* protocol */,
				150C8FF62799614F000DAFBE /* entity */,
				150C8FFB27996546000DAFBE /* router */,
				150C8FFA2799653E000DAFBE /* presenter */,
			);
			path = "onboard-module";
			sourceTree = "<group>";
		};
		150C8FE627994E93000DAFBE /* login-pref-module */ = {
			isa = PBXGroup;
			children = (
				15983C0127997C0200903073 /* view */,
			);
			path = "login-pref-module";
			sourceTree = "<group>";
		};
		150C8FE727994EB0000DAFBE /* login-module */ = {
			isa = PBXGroup;
			children = (
				153EA97F27A0466D00871246 /* view */,
			);
			path = "login-module";
			sourceTree = "<group>";
		};
		150C8FE827994EBB000DAFBE /* register-module */ = {
			isa = PBXGroup;
			children = (
				159C3BD1279C10DC001B9607 /* entity */,
				15983C072799992300903073 /* collectionview */,
				15983C042799953300903073 /* view */,
			);
			path = "register-module";
			sourceTree = "<group>";
		};
		150C8FE927995044000DAFBE /* userdefault */ = {
			isa = PBXGroup;
			children = (
				150C8FEA2799506E000DAFBE /* UDService.swift */,
				150C8FEC27995090000DAFBE /* UDProtocol.swift */,
			);
			path = userdefault;
			sourceTree = "<group>";
		};
		150C8FF027995737000DAFBE /* view */ = {
			isa = PBXGroup;
			children = (
				150C8FE127994D12000DAFBE /* WelcomeVC.swift */,
			);
			path = view;
			sourceTree = "<group>";
		};
		150C8FF12799574E000DAFBE /* view */ = {
			isa = PBXGroup;
			children = (
				150C8FF227995774000DAFBE /* OnBoardVC.swift */,
				150C8FF427995FFD000DAFBE /* OnBoardCollectionCell.swift */,
			);
			path = view;
			sourceTree = "<group>";
		};
		150C8FF62799614F000DAFBE /* entity */ = {
			isa = PBXGroup;
			children = (
				150C8FF72799615E000DAFBE /* OnBoard.swift */,
			);
			path = entity;
			sourceTree = "<group>";
		};
		150C8FF92799652E000DAFBE /* interactor */ = {
			isa = PBXGroup;
			children = (
				150C8FFF279966EA000DAFBE /* OnBoardInteractor.swift */,
			);
			path = interactor;
			sourceTree = "<group>";
		};
		150C8FFA2799653E000DAFBE /* presenter */ = {
			isa = PBXGroup;
			children = (
				150C90012799672A000DAFBE /* OnBoardPresenter.swift */,
			);
			path = presenter;
			sourceTree = "<group>";
		};
		150C8FFB27996546000DAFBE /* router */ = {
			isa = PBXGroup;
			children = (
				150C9003279967FA000DAFBE /* OnBoardRouter.swift */,
			);
			path = router;
			sourceTree = "<group>";
		};
		150C8FFC2799654C000DAFBE /* protocol */ = {
			isa = PBXGroup;
			children = (
				150C8FFD27996582000DAFBE /* OnBoardProtocols.swift */,
			);
			path = protocol;
			sourceTree = "<group>";
		};
		1517AF8C279EBC5700D1194E /* chat-module */ = {
			isa = PBXGroup;
			children = (
				153EA97627A0005A00871246 /* collectionview */,
				1517AF92279EBCA700D1194E /* view */,
				1517AF91279EBC9C00D1194E /* interactor */,
				1517AF90279EBC8D00D1194E /* presenter */,
				1517AF8F279EBC8600D1194E /* entity */,
				1517AF8E279EBC7400D1194E /* router */,
				1517AF8D279EBC6E00D1194E /* protocols */,
			);
			path = "chat-module";
			sourceTree = "<group>";
		};
		1517AF8D279EBC6E00D1194E /* protocols */ = {
			isa = PBXGroup;
			children = (
				1517AF95279EBD4D00D1194E /* ChatProtocols.swift */,
			);
			path = protocols;
			sourceTree = "<group>";
		};
		1517AF8E279EBC7400D1194E /* router */ = {
			isa = PBXGroup;
			children = (
				153EA970279FFDC900871246 /* ChatRouter.swift */,
			);
			path = router;
			sourceTree = "<group>";
		};
		1517AF8F279EBC8600D1194E /* entity */ = {
			isa = PBXGroup;
			children = (
				153EA969279FFA0E00871246 /* enums */,
				153EA960279FF4B300871246 /* ChatRequest.swift */,
				153EA963279FF63800871246 /* Room.swift */,
				153EA965279FF88000871246 /* P2P.swift */,
				153EA967279FF97400871246 /* RoomMessage.swift */,
				153EA96E279FFBA900871246 /* P2PMessage.swift */,
			);
			path = entity;
			sourceTree = "<group>";
		};
		1517AF90279EBC8D00D1194E /* presenter */ = {
			isa = PBXGroup;
			children = (
				153EA974279FFE1100871246 /* ChatPresenter.swift */,
			);
			path = presenter;
			sourceTree = "<group>";
		};
		1517AF91279EBC9C00D1194E /* interactor */ = {
			isa = PBXGroup;
			children = (
				153EA972279FFDE000871246 /* ChatInteractor.swift */,
			);
			path = interactor;
			sourceTree = "<group>";
		};
		1517AF92279EBCA700D1194E /* view */ = {
			isa = PBXGroup;
			children = (
				1517AF93279EBCD900D1194E /* ChatVC.swift */,
			);
			path = view;
			sourceTree = "<group>";
		};
		153EA969279FFA0E00871246 /* enums */ = {
			isa = PBXGroup;
			children = (
				153EA96A279FFA2E00871246 /* RequestType.swift */,
				153EA97B27A0076000871246 /* ChatType.swift */,
				153EA96C279FFA5800871246 /* MessageType.swift */,
			);
			path = enums;
			sourceTree = "<group>";
		};
		153EA97627A0005A00871246 /* collectionview */ = {
			isa = PBXGroup;
			children = (
				153EA97727A0007B00871246 /* WaitingRequestCollectionViewCell.swift */,
				153EA97927A0008D00871246 /* InboxCollectionViewCell.swift */,
			);
			path = collectionview;
			sourceTree = "<group>";
		};
		153EA97F27A0466D00871246 /* view */ = {
			isa = PBXGroup;
			children = (
				153EA98027A0468500871246 /* LoginVC.swift */,
			);
			path = view;
			sourceTree = "<group>";
		};
		15983C0127997C0200903073 /* view */ = {
			isa = PBXGroup;
			children = (
				15983C0227997C1B00903073 /* LoginPrefVC.swift */,
			);
			path = view;
			sourceTree = "<group>";
		};
		15983C042799953300903073 /* view */ = {
			isa = PBXGroup;
			children = (
				15983C052799954500903073 /* RegisterVC.swift */,
			);
			path = view;
			sourceTree = "<group>";
		};
		15983C072799992300903073 /* collectionview */ = {
			isa = PBXGroup;
			children = (
				15983C082799994700903073 /* RegisterPhotoPickCell.swift */,
				15983C0A2799996000903073 /* RegisterInformationCell.swift */,
				15983C0C2799997300903073 /* RegisterOTPCell.swift */,
				159C3BCF279C0EA0001B9607 /* RegisterProtocols.swift */,
			);
			path = collectionview;
			sourceTree = "<group>";
		};
		159C3BD1279C10DC001B9607 /* entity */ = {
			isa = PBXGroup;
			children = (
				159C3BD2279C110F001B9607 /* ValidationResponse.swift */,
			);
			path = entity;
			sourceTree = "<group>";
		};
		159C3BD5279C5CC6001B9607 /* discover-module */ = {
			isa = PBXGroup;
			children = (
				15064F60279D50E700460334 /* collectionview */,
				15064F5D279D50BA00460334 /* tableview */,
				15064F54279D4B0800460334 /* protocol */,
				15064F53279D4AFF00460334 /* router */,
				15064F52279D4AF900460334 /* entity */,
				15064F51279D4AF100460334 /* presenter */,
				15064F50279D4AE900460334 /* interactor */,
				159C3BDA279C5D7E001B9607 /* view */,
			);
			path = "discover-module";
			sourceTree = "<group>";
		};
		159C3BD6279C5CD5001B9607 /* global-module */ = {
			isa = PBXGroup;
			children = (
				159C3BDD279C5D99001B9607 /* view */,
			);
			path = "global-module";
			sourceTree = "<group>";
		};
		159C3BDA279C5D7E001B9607 /* view */ = {
			isa = PBXGroup;
			children = (
				159C3BDB279C5D92001B9607 /* DiscoverVC.swift */,
			);
			path = view;
			sourceTree = "<group>";
		};
		159C3BDD279C5D99001B9607 /* view */ = {
			isa = PBXGroup;
			children = (
				159C3BDE279C5DAA001B9607 /* GlobalVC.swift */,
			);
			path = view;
			sourceTree = "<group>";
		};
/* End PBXGroup section */

/* Begin PBXNativeTarget section */
		150C8FAD27994C6D000DAFBE /* Logoo */ = {
			isa = PBXNativeTarget;
			buildConfigurationList = 150C8FD827994C6E000DAFBE /* Build configuration list for PBXNativeTarget "Logoo" */;
			buildPhases = (
				150C8FAA27994C6D000DAFBE /* Sources */,
				150C8FAB27994C6D000DAFBE /* Frameworks */,
				150C8FAC27994C6D000DAFBE /* Resources */,
			);
			buildRules = (
			);
			dependencies = (
			);
			name = Logoo;
			packageProductDependencies = (
				153EA98327A04B8900871246 /* CHIOTPField */,
			);
			productName = Logoo;
			productReference = 150C8FAE27994C6D000DAFBE /* Logoo.app */;
			productType = "com.apple.product-type.application";
		};
		150C8FC327994C6E000DAFBE /* LogooTests */ = {
			isa = PBXNativeTarget;
			buildConfigurationList = 150C8FDB27994C6E000DAFBE /* Build configuration list for PBXNativeTarget "LogooTests" */;
			buildPhases = (
				150C8FC027994C6E000DAFBE /* Sources */,
				150C8FC127994C6E000DAFBE /* Frameworks */,
				150C8FC227994C6E000DAFBE /* Resources */,
			);
			buildRules = (
			);
			dependencies = (
				150C8FC627994C6E000DAFBE /* PBXTargetDependency */,
			);
			name = LogooTests;
			productName = LogooTests;
			productReference = 150C8FC427994C6E000DAFBE /* LogooTests.xctest */;
			productType = "com.apple.product-type.bundle.unit-test";
		};
		150C8FCD27994C6E000DAFBE /* LogooUITests */ = {
			isa = PBXNativeTarget;
			buildConfigurationList = 150C8FDE27994C6E000DAFBE /* Build configuration list for PBXNativeTarget "LogooUITests" */;
			buildPhases = (
				150C8FCA27994C6E000DAFBE /* Sources */,
				150C8FCB27994C6E000DAFBE /* Frameworks */,
				150C8FCC27994C6E000DAFBE /* Resources */,
			);
			buildRules = (
			);
			dependencies = (
				150C8FD027994C6E000DAFBE /* PBXTargetDependency */,
			);
			name = LogooUITests;
			productName = LogooUITests;
			productReference = 150C8FCE27994C6E000DAFBE /* LogooUITests.xctest */;
			productType = "com.apple.product-type.bundle.ui-testing";
		};
/* End PBXNativeTarget section */

/* Begin PBXProject section */
		150C8FA627994C6D000DAFBE /* Project object */ = {
			isa = PBXProject;
			attributes = {
				BuildIndependentTargetsInParallel = 1;
				LastSwiftUpdateCheck = 1320;
				LastUpgradeCheck = 1320;
				TargetAttributes = {
					150C8FAD27994C6D000DAFBE = {
						CreatedOnToolsVersion = 13.2.1;
					};
					150C8FC327994C6E000DAFBE = {
						CreatedOnToolsVersion = 13.2.1;
						TestTargetID = 150C8FAD27994C6D000DAFBE;
					};
					150C8FCD27994C6E000DAFBE = {
						CreatedOnToolsVersion = 13.2.1;
						TestTargetID = 150C8FAD27994C6D000DAFBE;
					};
				};
			};
			buildConfigurationList = 150C8FA927994C6D000DAFBE /* Build configuration list for PBXProject "Logoo" */;
			compatibilityVersion = "Xcode 13.0";
			developmentRegion = en;
			hasScannedForEncodings = 0;
			knownRegions = (
				en,
				Base,
			);
			mainGroup = 150C8FA527994C6D000DAFBE;
			packageReferences = (
				153EA98227A04B8900871246 /* XCRemoteSwiftPackageReference "CHIOTPField" */,
			);
			productRefGroup = 150C8FAF27994C6D000DAFBE /* Products */;
			projectDirPath = "";
			projectRoot = "";
			targets = (
				150C8FAD27994C6D000DAFBE /* Logoo */,
				150C8FC327994C6E000DAFBE /* LogooTests */,
				150C8FCD27994C6E000DAFBE /* LogooUITests */,
			);
		};
/* End PBXProject section */

/* Begin PBXResourcesBuildPhase section */
		150C8FAC27994C6D000DAFBE /* Resources */ = {
			isa = PBXResourcesBuildPhase;
			buildActionMask = 2147483647;
			files = (
				150C8FBE27994C6E000DAFBE /* LaunchScreen.storyboard in Resources */,
				150C8FBB27994C6E000DAFBE /* Assets.xcassets in Resources */,
				150C8FB927994C6D000DAFBE /* Main.storyboard in Resources */,
			);
			runOnlyForDeploymentPostprocessing = 0;
		};
		150C8FC227994C6E000DAFBE /* Resources */ = {
			isa = PBXResourcesBuildPhase;
			buildActionMask = 2147483647;
			files = (
			);
			runOnlyForDeploymentPostprocessing = 0;
		};
		150C8FCC27994C6E000DAFBE /* Resources */ = {
			isa = PBXResourcesBuildPhase;
			buildActionMask = 2147483647;
			files = (
			);
			runOnlyForDeploymentPostprocessing = 0;
		};
/* End PBXResourcesBuildPhase section */

/* Begin PBXSourcesBuildPhase section */
		150C8FAA27994C6D000DAFBE /* Sources */ = {
			isa = PBXSourcesBuildPhase;
			buildActionMask = 2147483647;
			files = (
				1517AF94279EBCD900D1194E /* ChatVC.swift in Sources */,
				1517AF96279EBD4D00D1194E /* ChatProtocols.swift in Sources */,
				153EA96F279FFBA900871246 /* P2PMessage.swift in Sources */,
				153EA975279FFE1100871246 /* ChatPresenter.swift in Sources */,
				159C3BD0279C0EA0001B9607 /* RegisterProtocols.swift in Sources */,
				159C3BDC279C5D92001B9607 /* DiscoverVC.swift in Sources */,
				153EA964279FF63800871246 /* Room.swift in Sources */,
				153EA973279FFDE000871246 /* ChatInteractor.swift in Sources */,
				150C8FED27995090000DAFBE /* UDProtocol.swift in Sources */,
				159C3BDF279C5DAA001B9607 /* GlobalVC.swift in Sources */,
				150C9000279966EA000DAFBE /* OnBoardInteractor.swift in Sources */,
				15983C0D2799997300903073 /* RegisterOTPCell.swift in Sources */,
				1517AF89279E968D00D1194E /* Hobby.swift in Sources */,
				150C8FEB2799506E000DAFBE /* UDService.swift in Sources */,
				150C8FE227994D12000DAFBE /* WelcomeVC.swift in Sources */,
				150C8FF327995774000DAFBE /* OnBoardVC.swift in Sources */,
				150C8FB227994C6D000DAFBE /* AppDelegate.swift in Sources */,
				15064F5C279D4D9100460334 /* DiscoveryRouter.swift in Sources */,
				150C90022799672A000DAFBE /* OnBoardPresenter.swift in Sources */,
				153EA971279FFDC900871246 /* ChatRouter.swift in Sources */,
				15064F56279D4B5400460334 /* DiscorveryProtocols.swift in Sources */,
				150C8FB427994C6D000DAFBE /* SceneDelegate.swift in Sources */,
				150C8FEF2799521F000DAFBE /* Constants.swift in Sources */,
				15983C062799954500903073 /* RegisterVC.swift in Sources */,
				150C9004279967FB000DAFBE /* OnBoardRouter.swift in Sources */,
				150C8FF82799615E000DAFBE /* OnBoard.swift in Sources */,
				15983C092799994700903073 /* RegisterPhotoPickCell.swift in Sources */,
				15983C0B2799996000903073 /* RegisterInformationCell.swift in Sources */,
				15064F5A279D4D3700460334 /* DiscoveryPresenter.swift in Sources */,
				15064F58279D4CD800460334 /* DiscoveryInteractor.swift in Sources */,
				153EA966279FF88000871246 /* P2P.swift in Sources */,
				153EA97A27A0008D00871246 /* InboxCollectionViewCell.swift in Sources */,
				15983C0327997C1B00903073 /* LoginPrefVC.swift in Sources */,
				15064F62279D50FD00460334 /* DiscoveryCollectionViewCell.swift in Sources */,
				150C8FF527995FFD000DAFBE /* OnBoardCollectionCell.swift in Sources */,
				153EA98127A0468500871246 /* LoginVC.swift in Sources */,
				153EA97C27A0076000871246 /* ChatType.swift in Sources */,
				159C3BD3279C110F001B9607 /* ValidationResponse.swift in Sources */,
				150C8FFE27996582000DAFBE /* OnBoardProtocols.swift in Sources */,
				153EA968279FF97400871246 /* RoomMessage.swift in Sources */,
				153EA96D279FFA5800871246 /* MessageType.swift in Sources */,
				153EA96B279FFA2E00871246 /* RequestType.swift in Sources */,
				1517AF8B279E9AAA00D1194E /* Util.swift in Sources */,
				153EA97827A0007B00871246 /* WaitingRequestCollectionViewCell.swift in Sources */,
				153EA961279FF4B300871246 /* ChatRequest.swift in Sources */,
				15064F5F279D50DD00460334 /* DiscoveryTableViewCell.swift in Sources */,
				15064F4F279D492A00460334 /* User.swift in Sources */,
			);
			runOnlyForDeploymentPostprocessing = 0;
		};
		150C8FC027994C6E000DAFBE /* Sources */ = {
			isa = PBXSourcesBuildPhase;
			buildActionMask = 2147483647;
			files = (
				150C8FC927994C6E000DAFBE /* LogooTests.swift in Sources */,
			);
			runOnlyForDeploymentPostprocessing = 0;
		};
		150C8FCA27994C6E000DAFBE /* Sources */ = {
			isa = PBXSourcesBuildPhase;
			buildActionMask = 2147483647;
			files = (
				150C8FD327994C6E000DAFBE /* LogooUITests.swift in Sources */,
				150C8FD527994C6E000DAFBE /* LogooUITestsLaunchTests.swift in Sources */,
			);
			runOnlyForDeploymentPostprocessing = 0;
		};
/* End PBXSourcesBuildPhase section */

/* Begin PBXTargetDependency section */
		150C8FC627994C6E000DAFBE /* PBXTargetDependency */ = {
			isa = PBXTargetDependency;
			target = 150C8FAD27994C6D000DAFBE /* Logoo */;
			targetProxy = 150C8FC527994C6E000DAFBE /* PBXContainerItemProxy */;
		};
		150C8FD027994C6E000DAFBE /* PBXTargetDependency */ = {
			isa = PBXTargetDependency;
			target = 150C8FAD27994C6D000DAFBE /* Logoo */;
			targetProxy = 150C8FCF27994C6E000DAFBE /* PBXContainerItemProxy */;
		};
/* End PBXTargetDependency section */

/* Begin PBXVariantGroup section */
		150C8FB727994C6D000DAFBE /* Main.storyboard */ = {
			isa = PBXVariantGroup;
			children = (
				150C8FB827994C6D000DAFBE /* Base */,
			);
			name = Main.storyboard;
			sourceTree = "<group>";
		};
		150C8FBC27994C6E000DAFBE /* LaunchScreen.storyboard */ = {
			isa = PBXVariantGroup;
			children = (
				150C8FBD27994C6E000DAFBE /* Base */,
			);
			name = LaunchScreen.storyboard;
			sourceTree = "<group>";
		};
/* End PBXVariantGroup section */

/* Begin XCBuildConfiguration section */
		150C8FD627994C6E000DAFBE /* Debug */ = {
			isa = XCBuildConfiguration;
			buildSettings = {
				ALWAYS_SEARCH_USER_PATHS = NO;
				CLANG_ANALYZER_NONNULL = YES;
				CLANG_ANALYZER_NUMBER_OBJECT_CONVERSION = YES_AGGRESSIVE;
				CLANG_CXX_LANGUAGE_STANDARD = "gnu++17";
				CLANG_CXX_LIBRARY = "libc++";
				CLANG_ENABLE_MODULES = YES;
				CLANG_ENABLE_OBJC_ARC = YES;
				CLANG_ENABLE_OBJC_WEAK = YES;
				CLANG_WARN_BLOCK_CAPTURE_AUTORELEASING = YES;
				CLANG_WARN_BOOL_CONVERSION = YES;
				CLANG_WARN_COMMA = YES;
				CLANG_WARN_CONSTANT_CONVERSION = YES;
				CLANG_WARN_DEPRECATED_OBJC_IMPLEMENTATIONS = YES;
				CLANG_WARN_DIRECT_OBJC_ISA_USAGE = YES_ERROR;
				CLANG_WARN_DOCUMENTATION_COMMENTS = YES;
				CLANG_WARN_EMPTY_BODY = YES;
				CLANG_WARN_ENUM_CONVERSION = YES;
				CLANG_WARN_INFINITE_RECURSION = YES;
				CLANG_WARN_INT_CONVERSION = YES;
				CLANG_WARN_NON_LITERAL_NULL_CONVERSION = YES;
				CLANG_WARN_OBJC_IMPLICIT_RETAIN_SELF = YES;
				CLANG_WARN_OBJC_LITERAL_CONVERSION = YES;
				CLANG_WARN_OBJC_ROOT_CLASS = YES_ERROR;
				CLANG_WARN_QUOTED_INCLUDE_IN_FRAMEWORK_HEADER = YES;
				CLANG_WARN_RANGE_LOOP_ANALYSIS = YES;
				CLANG_WARN_STRICT_PROTOTYPES = YES;
				CLANG_WARN_SUSPICIOUS_MOVE = YES;
				CLANG_WARN_UNGUARDED_AVAILABILITY = YES_AGGRESSIVE;
				CLANG_WARN_UNREACHABLE_CODE = YES;
				CLANG_WARN__DUPLICATE_METHOD_MATCH = YES;
				COPY_PHASE_STRIP = NO;
				DEBUG_INFORMATION_FORMAT = dwarf;
				ENABLE_STRICT_OBJC_MSGSEND = YES;
				ENABLE_TESTABILITY = YES;
				GCC_C_LANGUAGE_STANDARD = gnu11;
				GCC_DYNAMIC_NO_PIC = NO;
				GCC_NO_COMMON_BLOCKS = YES;
				GCC_OPTIMIZATION_LEVEL = 0;
				GCC_PREPROCESSOR_DEFINITIONS = (
					"DEBUG=1",
					"$(inherited)",
				);
				GCC_WARN_64_TO_32_BIT_CONVERSION = YES;
				GCC_WARN_ABOUT_RETURN_TYPE = YES_ERROR;
				GCC_WARN_UNDECLARED_SELECTOR = YES;
				GCC_WARN_UNINITIALIZED_AUTOS = YES_AGGRESSIVE;
				GCC_WARN_UNUSED_FUNCTION = YES;
				GCC_WARN_UNUSED_VARIABLE = YES;
				IPHONEOS_DEPLOYMENT_TARGET = 15.2;
				MTL_ENABLE_DEBUG_INFO = INCLUDE_SOURCE;
				MTL_FAST_MATH = YES;
				ONLY_ACTIVE_ARCH = YES;
				SDKROOT = iphoneos;
				SWIFT_ACTIVE_COMPILATION_CONDITIONS = DEBUG;
				SWIFT_OPTIMIZATION_LEVEL = "-Onone";
			};
			name = Debug;
		};
		150C8FD727994C6E000DAFBE /* Release */ = {
			isa = XCBuildConfiguration;
			buildSettings = {
				ALWAYS_SEARCH_USER_PATHS = NO;
				CLANG_ANALYZER_NONNULL = YES;
				CLANG_ANALYZER_NUMBER_OBJECT_CONVERSION = YES_AGGRESSIVE;
				CLANG_CXX_LANGUAGE_STANDARD = "gnu++17";
				CLANG_CXX_LIBRARY = "libc++";
				CLANG_ENABLE_MODULES = YES;
				CLANG_ENABLE_OBJC_ARC = YES;
				CLANG_ENABLE_OBJC_WEAK = YES;
				CLANG_WARN_BLOCK_CAPTURE_AUTORELEASING = YES;
				CLANG_WARN_BOOL_CONVERSION = YES;
				CLANG_WARN_COMMA = YES;
				CLANG_WARN_CONSTANT_CONVERSION = YES;
				CLANG_WARN_DEPRECATED_OBJC_IMPLEMENTATIONS = YES;
				CLANG_WARN_DIRECT_OBJC_ISA_USAGE = YES_ERROR;
				CLANG_WARN_DOCUMENTATION_COMMENTS = YES;
				CLANG_WARN_EMPTY_BODY = YES;
				CLANG_WARN_ENUM_CONVERSION = YES;
				CLANG_WARN_INFINITE_RECURSION = YES;
				CLANG_WARN_INT_CONVERSION = YES;
				CLANG_WARN_NON_LITERAL_NULL_CONVERSION = YES;
				CLANG_WARN_OBJC_IMPLICIT_RETAIN_SELF = YES;
				CLANG_WARN_OBJC_LITERAL_CONVERSION = YES;
				CLANG_WARN_OBJC_ROOT_CLASS = YES_ERROR;
				CLANG_WARN_QUOTED_INCLUDE_IN_FRAMEWORK_HEADER = YES;
				CLANG_WARN_RANGE_LOOP_ANALYSIS = YES;
				CLANG_WARN_STRICT_PROTOTYPES = YES;
				CLANG_WARN_SUSPICIOUS_MOVE = YES;
				CLANG_WARN_UNGUARDED_AVAILABILITY = YES_AGGRESSIVE;
				CLANG_WARN_UNREACHABLE_CODE = YES;
				CLANG_WARN__DUPLICATE_METHOD_MATCH = YES;
				COPY_PHASE_STRIP = NO;
				DEBUG_INFORMATION_FORMAT = "dwarf-with-dsym";
				ENABLE_NS_ASSERTIONS = NO;
				ENABLE_STRICT_OBJC_MSGSEND = YES;
				GCC_C_LANGUAGE_STANDARD = gnu11;
				GCC_NO_COMMON_BLOCKS = YES;
				GCC_WARN_64_TO_32_BIT_CONVERSION = YES;
				GCC_WARN_ABOUT_RETURN_TYPE = YES_ERROR;
				GCC_WARN_UNDECLARED_SELECTOR = YES;
				GCC_WARN_UNINITIALIZED_AUTOS = YES_AGGRESSIVE;
				GCC_WARN_UNUSED_FUNCTION = YES;
				GCC_WARN_UNUSED_VARIABLE = YES;
				IPHONEOS_DEPLOYMENT_TARGET = 15.2;
				MTL_ENABLE_DEBUG_INFO = NO;
				MTL_FAST_MATH = YES;
				SDKROOT = iphoneos;
				SWIFT_COMPILATION_MODE = wholemodule;
				SWIFT_OPTIMIZATION_LEVEL = "-O";
				VALIDATE_PRODUCT = YES;
			};
			name = Release;
		};
		150C8FD927994C6E000DAFBE /* Debug */ = {
			isa = XCBuildConfiguration;
			buildSettings = {
				ASSETCATALOG_COMPILER_APPICON_NAME = AppIcon;
				ASSETCATALOG_COMPILER_GLOBAL_ACCENT_COLOR_NAME = AccentColor;
				CODE_SIGN_STYLE = Automatic;
				CURRENT_PROJECT_VERSION = 1;
				DEVELOPMENT_TEAM = 34WTB4U8S7;
				GENERATE_INFOPLIST_FILE = YES;
				INFOPLIST_FILE = Logoo/Info.plist;
				INFOPLIST_KEY_UIApplicationSupportsIndirectInputEvents = YES;
				INFOPLIST_KEY_UILaunchStoryboardName = LaunchScreen;
				INFOPLIST_KEY_UIMainStoryboardFile = Main;
				INFOPLIST_KEY_UISupportedInterfaceOrientations = UIInterfaceOrientationPortrait;
				INFOPLIST_KEY_UISupportedInterfaceOrientations_iPad = "UIInterfaceOrientationPortrait UIInterfaceOrientationPortraitUpsideDown UIInterfaceOrientationLandscapeLeft UIInterfaceOrientationLandscapeRight";
				INFOPLIST_KEY_UISupportedInterfaceOrientations_iPhone = "UIInterfaceOrientationPortrait UIInterfaceOrientationLandscapeLeft UIInterfaceOrientationLandscapeRight";
				IPHONEOS_DEPLOYMENT_TARGET = 15.2;
				LD_RUNPATH_SEARCH_PATHS = (
					"$(inherited)",
					"@executable_path/Frameworks",
				);
				MARKETING_VERSION = 1.0;
				PRODUCT_BUNDLE_IDENTIFIER = thicapps.Logoo;
				PRODUCT_NAME = "$(TARGET_NAME)";
				SWIFT_EMIT_LOC_STRINGS = YES;
				SWIFT_VERSION = 5.0;
				TARGETED_DEVICE_FAMILY = 1;
			};
			name = Debug;
		};
		150C8FDA27994C6E000DAFBE /* Release */ = {
			isa = XCBuildConfiguration;
			buildSettings = {
				ASSETCATALOG_COMPILER_APPICON_NAME = AppIcon;
				ASSETCATALOG_COMPILER_GLOBAL_ACCENT_COLOR_NAME = AccentColor;
				CODE_SIGN_STYLE = Automatic;
				CURRENT_PROJECT_VERSION = 1;
				DEVELOPMENT_TEAM = 34WTB4U8S7;
				GENERATE_INFOPLIST_FILE = YES;
				INFOPLIST_FILE = Logoo/Info.plist;
				INFOPLIST_KEY_UIApplicationSupportsIndirectInputEvents = YES;
				INFOPLIST_KEY_UILaunchStoryboardName = LaunchScreen;
				INFOPLIST_KEY_UIMainStoryboardFile = Main;
				INFOPLIST_KEY_UISupportedInterfaceOrientations = UIInterfaceOrientationPortrait;
				INFOPLIST_KEY_UISupportedInterfaceOrientations_iPad = "UIInterfaceOrientationPortrait UIInterfaceOrientationPortraitUpsideDown UIInterfaceOrientationLandscapeLeft UIInterfaceOrientationLandscapeRight";
				INFOPLIST_KEY_UISupportedInterfaceOrientations_iPhone = "UIInterfaceOrientationPortrait UIInterfaceOrientationLandscapeLeft UIInterfaceOrientationLandscapeRight";
				IPHONEOS_DEPLOYMENT_TARGET = 15.2;
				LD_RUNPATH_SEARCH_PATHS = (
					"$(inherited)",
					"@executable_path/Frameworks",
				);
				MARKETING_VERSION = 1.0;
				PRODUCT_BUNDLE_IDENTIFIER = thicapps.Logoo;
				PRODUCT_NAME = "$(TARGET_NAME)";
				SWIFT_EMIT_LOC_STRINGS = YES;
				SWIFT_VERSION = 5.0;
				TARGETED_DEVICE_FAMILY = 1;
			};
			name = Release;
		};
		150C8FDC27994C6E000DAFBE /* Debug */ = {
			isa = XCBuildConfiguration;
			buildSettings = {
				ALWAYS_EMBED_SWIFT_STANDARD_LIBRARIES = YES;
				BUNDLE_LOADER = "$(TEST_HOST)";
				CODE_SIGN_STYLE = Automatic;
				CURRENT_PROJECT_VERSION = 1;
				DEVELOPMENT_TEAM = 34WTB4U8S7;
				GENERATE_INFOPLIST_FILE = YES;
				IPHONEOS_DEPLOYMENT_TARGET = 15.2;
				MARKETING_VERSION = 1.0;
				PRODUCT_BUNDLE_IDENTIFIER = thicapps.LogooTests;
				PRODUCT_NAME = "$(TARGET_NAME)";
				SWIFT_EMIT_LOC_STRINGS = NO;
				SWIFT_VERSION = 5.0;
				TARGETED_DEVICE_FAMILY = "1,2";
				TEST_HOST = "$(BUILT_PRODUCTS_DIR)/Logoo.app/Logoo";
			};
			name = Debug;
		};
		150C8FDD27994C6E000DAFBE /* Release */ = {
			isa = XCBuildConfiguration;
			buildSettings = {
				ALWAYS_EMBED_SWIFT_STANDARD_LIBRARIES = YES;
				BUNDLE_LOADER = "$(TEST_HOST)";
				CODE_SIGN_STYLE = Automatic;
				CURRENT_PROJECT_VERSION = 1;
				DEVELOPMENT_TEAM = 34WTB4U8S7;
				GENERATE_INFOPLIST_FILE = YES;
				IPHONEOS_DEPLOYMENT_TARGET = 15.2;
				MARKETING_VERSION = 1.0;
				PRODUCT_BUNDLE_IDENTIFIER = thicapps.LogooTests;
				PRODUCT_NAME = "$(TARGET_NAME)";
				SWIFT_EMIT_LOC_STRINGS = NO;
				SWIFT_VERSION = 5.0;
				TARGETED_DEVICE_FAMILY = "1,2";
				TEST_HOST = "$(BUILT_PRODUCTS_DIR)/Logoo.app/Logoo";
			};
			name = Release;
		};
		150C8FDF27994C6E000DAFBE /* Debug */ = {
			isa = XCBuildConfiguration;
			buildSettings = {
				ALWAYS_EMBED_SWIFT_STANDARD_LIBRARIES = YES;
				CODE_SIGN_STYLE = Automatic;
				CURRENT_PROJECT_VERSION = 1;
				DEVELOPMENT_TEAM = 34WTB4U8S7;
				GENERATE_INFOPLIST_FILE = YES;
				MARKETING_VERSION = 1.0;
				PRODUCT_BUNDLE_IDENTIFIER = thicapps.LogooUITests;
				PRODUCT_NAME = "$(TARGET_NAME)";
				SWIFT_EMIT_LOC_STRINGS = NO;
				SWIFT_VERSION = 5.0;
				TARGETED_DEVICE_FAMILY = "1,2";
				TEST_TARGET_NAME = Logoo;
			};
			name = Debug;
		};
		150C8FE027994C6E000DAFBE /* Release */ = {
			isa = XCBuildConfiguration;
			buildSettings = {
				ALWAYS_EMBED_SWIFT_STANDARD_LIBRARIES = YES;
				CODE_SIGN_STYLE = Automatic;
				CURRENT_PROJECT_VERSION = 1;
				DEVELOPMENT_TEAM = 34WTB4U8S7;
				GENERATE_INFOPLIST_FILE = YES;
				MARKETING_VERSION = 1.0;
				PRODUCT_BUNDLE_IDENTIFIER = thicapps.LogooUITests;
				PRODUCT_NAME = "$(TARGET_NAME)";
				SWIFT_EMIT_LOC_STRINGS = NO;
				SWIFT_VERSION = 5.0;
				TARGETED_DEVICE_FAMILY = "1,2";
				TEST_TARGET_NAME = Logoo;
			};
			name = Release;
		};
/* End XCBuildConfiguration section */

/* Begin XCConfigurationList section */
		150C8FA927994C6D000DAFBE /* Build configuration list for PBXProject "Logoo" */ = {
			isa = XCConfigurationList;
			buildConfigurations = (
				150C8FD627994C6E000DAFBE /* Debug */,
				150C8FD727994C6E000DAFBE /* Release */,
			);
			defaultConfigurationIsVisible = 0;
			defaultConfigurationName = Release;
		};
		150C8FD827994C6E000DAFBE /* Build configuration list for PBXNativeTarget "Logoo" */ = {
			isa = XCConfigurationList;
			buildConfigurations = (
				150C8FD927994C6E000DAFBE /* Debug */,
				150C8FDA27994C6E000DAFBE /* Release */,
			);
			defaultConfigurationIsVisible = 0;
			defaultConfigurationName = Release;
		};
		150C8FDB27994C6E000DAFBE /* Build configuration list for PBXNativeTarget "LogooTests" */ = {
			isa = XCConfigurationList;
			buildConfigurations = (
				150C8FDC27994C6E000DAFBE /* Debug */,
				150C8FDD27994C6E000DAFBE /* Release */,
			);
			defaultConfigurationIsVisible = 0;
			defaultConfigurationName = Release;
		};
		150C8FDE27994C6E000DAFBE /* Build configuration list for PBXNativeTarget "LogooUITests" */ = {
			isa = XCConfigurationList;
			buildConfigurations = (
				150C8FDF27994C6E000DAFBE /* Debug */,
				150C8FE027994C6E000DAFBE /* Release */,
			);
			defaultConfigurationIsVisible = 0;
			defaultConfigurationName = Release;
		};
/* End XCConfigurationList section */

/* Begin XCRemoteSwiftPackageReference section */
		153EA98227A04B8900871246 /* XCRemoteSwiftPackageReference "CHIOTPField" */ = {
			isa = XCRemoteSwiftPackageReference;
			repositoryURL = "https://github.com/ChiliLabs/CHIOTPField.git";
			requirement = {
				kind = upToNextMajorVersion;
				minimumVersion = 0.1.0;
			};
		};
/* End XCRemoteSwiftPackageReference section */

/* Begin XCSwiftPackageProductDependency section */
		153EA98327A04B8900871246 /* CHIOTPField */ = {
			isa = XCSwiftPackageProductDependency;
			package = 153EA98227A04B8900871246 /* XCRemoteSwiftPackageReference "CHIOTPField" */;
			productName = CHIOTPField;
		};
/* End XCSwiftPackageProductDependency section */
	};
	rootObject = 150C8FA627994C6D000DAFBE /* Project object */;
}
